// !$*UTF8*$!
{
	archiveVersion = 1;
	classes = {
	};
	objectVersion = 46;
	objects = {

/* Begin PBXAggregateTarget section */
		6AA6E9D31EF0E4C70061EEB0 /* Mogenerator */ = {
			isa = PBXAggregateTarget;
			buildConfigurationList = 6AA6E9D41EF0E4C70061EEB0 /* Build configuration list for PBXAggregateTarget "Mogenerator" */;
			buildPhases = (
				6AA6E9D71EF0E4E30061EEB0 /* ShellScript */,
			);
			dependencies = (
			);
			name = Mogenerator;
			productName = Mogenerator;
		};
/* End PBXAggregateTarget section */

/* Begin PBXBuildFile section */
		396DBEEF6C2BB9E4F1E571C5 /* Pods_OST_Remote_Dev.framework in Frameworks */ = {isa = PBXBuildFile; fileRef = A1FF52308D84D8373D16B013 /* Pods_OST_Remote_Dev.framework */; };
		56CF38085D1E176CF96D3C7B /* Pods_OST_Remote.framework in Frameworks */ = {isa = PBXBuildFile; fileRef = BC96FF91D68095F85B304295 /* Pods_OST_Remote.framework */; };
		6A056B691EEF9608004E0B45 /* OSTNetworkManager+Login.m in Sources */ = {isa = PBXBuildFile; fileRef = 6A056B681EEF9608004E0B45 /* OSTNetworkManager+Login.m */; };
		6A11A0551EF2CAF800D6D2CA /* OSTRightMenuViewController.m in Sources */ = {isa = PBXBuildFile; fileRef = 6A11A0531EF2CAF800D6D2CA /* OSTRightMenuViewController.m */; };
		6A11A0561EF2CAF800D6D2CA /* OSTRightMenuViewController.m in Sources */ = {isa = PBXBuildFile; fileRef = 6A11A0531EF2CAF800D6D2CA /* OSTRightMenuViewController.m */; };
		6A11A0571EF2CAF800D6D2CA /* OSTRightMenuViewController.xib in Resources */ = {isa = PBXBuildFile; fileRef = 6A11A0541EF2CAF800D6D2CA /* OSTRightMenuViewController.xib */; };
		6A11A0581EF2CAF800D6D2CA /* OSTRightMenuViewController.xib in Resources */ = {isa = PBXBuildFile; fileRef = 6A11A0541EF2CAF800D6D2CA /* OSTRightMenuViewController.xib */; };
		6A11A05C1EF2CB0D00D6D2CA /* OSTReviewSubmitViewController.m in Sources */ = {isa = PBXBuildFile; fileRef = 6A11A05A1EF2CB0D00D6D2CA /* OSTReviewSubmitViewController.m */; };
		6A11A05D1EF2CB0D00D6D2CA /* OSTReviewSubmitViewController.m in Sources */ = {isa = PBXBuildFile; fileRef = 6A11A05A1EF2CB0D00D6D2CA /* OSTReviewSubmitViewController.m */; };
		6A11A05E1EF2CB0D00D6D2CA /* OSTReviewSubmitViewController.xib in Resources */ = {isa = PBXBuildFile; fileRef = 6A11A05B1EF2CB0D00D6D2CA /* OSTReviewSubmitViewController.xib */; };
		6A11A05F1EF2CB0D00D6D2CA /* OSTReviewSubmitViewController.xib in Resources */ = {isa = PBXBuildFile; fileRef = 6A11A05B1EF2CB0D00D6D2CA /* OSTReviewSubmitViewController.xib */; };
		6A11A0631EF2CB4000D6D2CA /* OSTEditEntryViewController.m in Sources */ = {isa = PBXBuildFile; fileRef = 6A11A0611EF2CB4000D6D2CA /* OSTEditEntryViewController.m */; };
		6A11A0641EF2CB4000D6D2CA /* OSTEditEntryViewController.m in Sources */ = {isa = PBXBuildFile; fileRef = 6A11A0611EF2CB4000D6D2CA /* OSTEditEntryViewController.m */; };
		6A11A0651EF2CB4000D6D2CA /* OSTEditEntryViewController.xib in Resources */ = {isa = PBXBuildFile; fileRef = 6A11A0621EF2CB4000D6D2CA /* OSTEditEntryViewController.xib */; };
		6A11A0661EF2CB4000D6D2CA /* OSTEditEntryViewController.xib in Resources */ = {isa = PBXBuildFile; fileRef = 6A11A0621EF2CB4000D6D2CA /* OSTEditEntryViewController.xib */; };
		6A11A06B1EF2CE5C00D6D2CA /* _CurrentCourse.m in Sources */ = {isa = PBXBuildFile; fileRef = 6A11A0681EF2CE5C00D6D2CA /* _CurrentCourse.m */; };
		6A11A06C1EF2CE5C00D6D2CA /* _CurrentCourse.m in Sources */ = {isa = PBXBuildFile; fileRef = 6A11A0681EF2CE5C00D6D2CA /* _CurrentCourse.m */; };
		6A11A06D1EF2CE5C00D6D2CA /* CurrentCourse.m in Sources */ = {isa = PBXBuildFile; fileRef = 6A11A06A1EF2CE5C00D6D2CA /* CurrentCourse.m */; };
		6A11A06E1EF2CE5C00D6D2CA /* CurrentCourse.m in Sources */ = {isa = PBXBuildFile; fileRef = 6A11A06A1EF2CE5C00D6D2CA /* CurrentCourse.m */; };
		6A11A0731EF372DE00D6D2CA /* _CourseSplits.m in Sources */ = {isa = PBXBuildFile; fileRef = 6A11A0701EF372DE00D6D2CA /* _CourseSplits.m */; };
		6A11A0741EF372DE00D6D2CA /* _CourseSplits.m in Sources */ = {isa = PBXBuildFile; fileRef = 6A11A0701EF372DE00D6D2CA /* _CourseSplits.m */; };
		6A11A0751EF372DE00D6D2CA /* CourseSplits.m in Sources */ = {isa = PBXBuildFile; fileRef = 6A11A0721EF372DE00D6D2CA /* CourseSplits.m */; };
		6A11A0761EF372DE00D6D2CA /* CourseSplits.m in Sources */ = {isa = PBXBuildFile; fileRef = 6A11A0721EF372DE00D6D2CA /* CourseSplits.m */; };
		6A11A0791EF3809B00D6D2CA /* OSTNetworkManager+Entries.m in Sources */ = {isa = PBXBuildFile; fileRef = 6A11A0781EF3809B00D6D2CA /* OSTNetworkManager+Entries.m */; };
		6A11A07A1EF3809B00D6D2CA /* OSTNetworkManager+Entries.m in Sources */ = {isa = PBXBuildFile; fileRef = 6A11A0781EF3809B00D6D2CA /* OSTNetworkManager+Entries.m */; };
		6A2F2D6C1EF1BD42007CA921 /* Security.framework in Frameworks */ = {isa = PBXBuildFile; fileRef = 6A2F2D6B1EF1BD42007CA921 /* Security.framework */; };
		6A2F2D6D1EF1BD49007CA921 /* Security.framework in Frameworks */ = {isa = PBXBuildFile; fileRef = 6A2F2D6B1EF1BD42007CA921 /* Security.framework */; };
		6A2F2D711EF1C49A007CA921 /* OSTSessionManager.m in Sources */ = {isa = PBXBuildFile; fileRef = 6A2F2D701EF1C49A007CA921 /* OSTSessionManager.m */; };
		6A2F2D721EF1C49A007CA921 /* OSTSessionManager.m in Sources */ = {isa = PBXBuildFile; fileRef = 6A2F2D701EF1C49A007CA921 /* OSTSessionManager.m */; };
		6A41ADFE1EF7F2BF00C9F834 /* _EffortModel.m in Sources */ = {isa = PBXBuildFile; fileRef = 6A41ADFB1EF7F2BF00C9F834 /* _EffortModel.m */; };
		6A41ADFF1EF7F2BF00C9F834 /* _EffortModel.m in Sources */ = {isa = PBXBuildFile; fileRef = 6A41ADFB1EF7F2BF00C9F834 /* _EffortModel.m */; };
		6A41AE001EF7F2BF00C9F834 /* EffortModel.m in Sources */ = {isa = PBXBuildFile; fileRef = 6A41ADFD1EF7F2BF00C9F834 /* EffortModel.m */; };
		6A41AE011EF7F2BF00C9F834 /* EffortModel.m in Sources */ = {isa = PBXBuildFile; fileRef = 6A41ADFD1EF7F2BF00C9F834 /* EffortModel.m */; };
		6A41AE061EF8B59D00C9F834 /* OSTReviewTableViewCell.m in Sources */ = {isa = PBXBuildFile; fileRef = 6A41AE041EF8B59D00C9F834 /* OSTReviewTableViewCell.m */; };
		6A41AE071EF8B59D00C9F834 /* OSTReviewTableViewCell.m in Sources */ = {isa = PBXBuildFile; fileRef = 6A41AE041EF8B59D00C9F834 /* OSTReviewTableViewCell.m */; };
		6A41AE081EF8B59D00C9F834 /* OSTReviewTableViewCell.xib in Resources */ = {isa = PBXBuildFile; fileRef = 6A41AE051EF8B59D00C9F834 /* OSTReviewTableViewCell.xib */; };
		6A41AE091EF8B59D00C9F834 /* OSTReviewTableViewCell.xib in Resources */ = {isa = PBXBuildFile; fileRef = 6A41AE051EF8B59D00C9F834 /* OSTReviewTableViewCell.xib */; };
		6A41AE0C1EF8D71500C9F834 /* UIView+Additions.m in Sources */ = {isa = PBXBuildFile; fileRef = 6A41AE0B1EF8D71500C9F834 /* UIView+Additions.m */; };
		6A41AE0D1EF8D71500C9F834 /* UIView+Additions.m in Sources */ = {isa = PBXBuildFile; fileRef = 6A41AE0B1EF8D71500C9F834 /* UIView+Additions.m */; };
		6A549E4C1EEF866F00783F80 /* OSTDataModel.xcdatamodeld in Sources */ = {isa = PBXBuildFile; fileRef = 6A549E4A1EEF866F00783F80 /* OSTDataModel.xcdatamodeld */; };
		6A549E501EEF86B900783F80 /* OSTLoginViewController.m in Sources */ = {isa = PBXBuildFile; fileRef = 6A549E4E1EEF86B900783F80 /* OSTLoginViewController.m */; };
		6A549E511EEF86B900783F80 /* OSTLoginViewController.xib in Resources */ = {isa = PBXBuildFile; fileRef = 6A549E4F1EEF86B900783F80 /* OSTLoginViewController.xib */; };
		6A549E551EEF881C00783F80 /* OSTEventSelectionViewController.m in Sources */ = {isa = PBXBuildFile; fileRef = 6A549E531EEF881C00783F80 /* OSTEventSelectionViewController.m */; };
		6A549E561EEF881C00783F80 /* OSTEventSelectionViewController.xib in Resources */ = {isa = PBXBuildFile; fileRef = 6A549E541EEF881C00783F80 /* OSTEventSelectionViewController.xib */; };
		6A549E5A1EEF8A5E00783F80 /* OSTNetworkManager.m in Sources */ = {isa = PBXBuildFile; fileRef = 6A549E591EEF8A5E00783F80 /* OSTNetworkManager.m */; };
		6A5E0CEF1EF1B25E00399EEC /* OSTEventSelectionViewController.m in Sources */ = {isa = PBXBuildFile; fileRef = 6A549E531EEF881C00783F80 /* OSTEventSelectionViewController.m */; };
		6A5E0CF01EF1B25E00399EEC /* OSTNetworkManager.m in Sources */ = {isa = PBXBuildFile; fileRef = 6A549E591EEF8A5E00783F80 /* OSTNetworkManager.m */; };
		6A5E0CF11EF1B25E00399EEC /* OSTDataModel.xcdatamodeld in Sources */ = {isa = PBXBuildFile; fileRef = 6A549E4A1EEF866F00783F80 /* OSTDataModel.xcdatamodeld */; };
		6A5E0CF21EF1B25E00399EEC /* EventModel.m in Sources */ = {isa = PBXBuildFile; fileRef = 6AA6E9E11EF0E7D70061EEB0 /* EventModel.m */; };
		6A5E0CF31EF1B25E00399EEC /* OSTLoginViewController.m in Sources */ = {isa = PBXBuildFile; fileRef = 6A549E4E1EEF86B900783F80 /* OSTLoginViewController.m */; };
		6A5E0CF41EF1B25E00399EEC /* _EntryModel.m in Sources */ = {isa = PBXBuildFile; fileRef = 6AA6E9DB1EF0E7D70061EEB0 /* _EntryModel.m */; };
		6A5E0CF51EF1B25E00399EEC /* OSTRunnerTrackerViewController.m in Sources */ = {isa = PBXBuildFile; fileRef = 6AA6E9CC1EF02CAB0061EEB0 /* OSTRunnerTrackerViewController.m */; };
		6A5E0CF61EF1B25E00399EEC /* EntryModel.m in Sources */ = {isa = PBXBuildFile; fileRef = 6AA6E9DF1EF0E7D70061EEB0 /* EntryModel.m */; };
		6A5E0CF71EF1B25E00399EEC /* _EventModel.m in Sources */ = {isa = PBXBuildFile; fileRef = 6AA6E9DD1EF0E7D70061EEB0 /* _EventModel.m */; };
		6A5E0CF81EF1B25E00399EEC /* OSTNetworkManager+Login.m in Sources */ = {isa = PBXBuildFile; fileRef = 6A056B681EEF9608004E0B45 /* OSTNetworkManager+Login.m */; };
		6A5E0CF91EF1B25E00399EEC /* AppDelegate.m in Sources */ = {isa = PBXBuildFile; fileRef = 6AEFFC0C1EEF83DA009EEE21 /* AppDelegate.m */; };
		6A5E0CFA1EF1B25E00399EEC /* OSTNetworkManager+Events.m in Sources */ = {isa = PBXBuildFile; fileRef = 6AA6E9D11EF0DF320061EEB0 /* OSTNetworkManager+Events.m */; };
		6A5E0CFB1EF1B25E00399EEC /* main.m in Sources */ = {isa = PBXBuildFile; fileRef = 6AEFFC091EEF83DA009EEE21 /* main.m */; };
		6A5E0CFF1EF1B25E00399EEC /* LaunchScreen.storyboard in Resources */ = {isa = PBXBuildFile; fileRef = 6AEFFC161EEF83DA009EEE21 /* LaunchScreen.storyboard */; };
		6A5E0D001EF1B25E00399EEC /* OSTRunnerTrackerViewController.xib in Resources */ = {isa = PBXBuildFile; fileRef = 6AA6E9CD1EF02CAB0061EEB0 /* OSTRunnerTrackerViewController.xib */; };
		6A5E0D011EF1B25E00399EEC /* OSTEventSelectionViewController.xib in Resources */ = {isa = PBXBuildFile; fileRef = 6A549E541EEF881C00783F80 /* OSTEventSelectionViewController.xib */; };
		6A5E0D021EF1B25E00399EEC /* Assets.xcassets in Resources */ = {isa = PBXBuildFile; fileRef = 6AEFFC141EEF83DA009EEE21 /* Assets.xcassets */; };
		6A5E0D031EF1B25E00399EEC /* OSTLoginViewController.xib in Resources */ = {isa = PBXBuildFile; fileRef = 6A549E4F1EEF86B900783F80 /* OSTLoginViewController.xib */; };
		6AA6E9CE1EF02CAB0061EEB0 /* OSTRunnerTrackerViewController.m in Sources */ = {isa = PBXBuildFile; fileRef = 6AA6E9CC1EF02CAB0061EEB0 /* OSTRunnerTrackerViewController.m */; };
		6AA6E9CF1EF02CAB0061EEB0 /* OSTRunnerTrackerViewController.xib in Resources */ = {isa = PBXBuildFile; fileRef = 6AA6E9CD1EF02CAB0061EEB0 /* OSTRunnerTrackerViewController.xib */; };
		6AA6E9D21EF0DF320061EEB0 /* OSTNetworkManager+Events.m in Sources */ = {isa = PBXBuildFile; fileRef = 6AA6E9D11EF0DF320061EEB0 /* OSTNetworkManager+Events.m */; };
		6AA6E9E21EF0E7D70061EEB0 /* _EntryModel.m in Sources */ = {isa = PBXBuildFile; fileRef = 6AA6E9DB1EF0E7D70061EEB0 /* _EntryModel.m */; };
		6AA6E9E31EF0E7D70061EEB0 /* _EventModel.m in Sources */ = {isa = PBXBuildFile; fileRef = 6AA6E9DD1EF0E7D70061EEB0 /* _EventModel.m */; };
		6AA6E9E41EF0E7D70061EEB0 /* EntryModel.m in Sources */ = {isa = PBXBuildFile; fileRef = 6AA6E9DF1EF0E7D70061EEB0 /* EntryModel.m */; };
		6AA6E9E51EF0E7D70061EEB0 /* EventModel.m in Sources */ = {isa = PBXBuildFile; fileRef = 6AA6E9E11EF0E7D70061EEB0 /* EventModel.m */; };
		6AEFFC0A1EEF83DA009EEE21 /* main.m in Sources */ = {isa = PBXBuildFile; fileRef = 6AEFFC091EEF83DA009EEE21 /* main.m */; };
		6AEFFC0D1EEF83DA009EEE21 /* AppDelegate.m in Sources */ = {isa = PBXBuildFile; fileRef = 6AEFFC0C1EEF83DA009EEE21 /* AppDelegate.m */; };
		6AEFFC151EEF83DA009EEE21 /* Assets.xcassets in Resources */ = {isa = PBXBuildFile; fileRef = 6AEFFC141EEF83DA009EEE21 /* Assets.xcassets */; };
		6AEFFC181EEF83DA009EEE21 /* LaunchScreen.storyboard in Resources */ = {isa = PBXBuildFile; fileRef = 6AEFFC161EEF83DA009EEE21 /* LaunchScreen.storyboard */; };
		6AEFFC231EEF83DA009EEE21 /* OST_TrackerTests.m in Sources */ = {isa = PBXBuildFile; fileRef = 6AEFFC221EEF83DA009EEE21 /* OST_TrackerTests.m */; };
		6F973D9A74959634619649C9 /* Pods_OST_TrackerTests.framework in Frameworks */ = {isa = PBXBuildFile; fileRef = DE3FD42F24001103B185480A /* Pods_OST_TrackerTests.framework */; };
/* End PBXBuildFile section */

/* Begin PBXContainerItemProxy section */
		6AEFFC1F1EEF83DA009EEE21 /* PBXContainerItemProxy */ = {
			isa = PBXContainerItemProxy;
			containerPortal = 6AEFFBFD1EEF83DA009EEE21 /* Project object */;
			proxyType = 1;
			remoteGlobalIDString = 6AEFFC041EEF83DA009EEE21;
			remoteInfo = "OST Tracker";
		};
/* End PBXContainerItemProxy section */

/* Begin PBXFileReference section */
		054C4C7C5D571C9B25F73CDA /* Pods-OST Tracker.debug.xcconfig */ = {isa = PBXFileReference; includeInIndex = 1; lastKnownFileType = text.xcconfig; name = "Pods-OST Tracker.debug.xcconfig"; path = "Pods/Target Support Files/Pods-OST Tracker/Pods-OST Tracker.debug.xcconfig"; sourceTree = "<group>"; };
		3D0D6AD5526D0018AF27F4C4 /* Pods_OST_Tracker.framework */ = {isa = PBXFileReference; explicitFileType = wrapper.framework; includeInIndex = 0; path = Pods_OST_Tracker.framework; sourceTree = BUILT_PRODUCTS_DIR; };
		427692031F92F5E88F95FFF3 /* Pods-OST TrackerTests.debug.xcconfig */ = {isa = PBXFileReference; includeInIndex = 1; lastKnownFileType = text.xcconfig; name = "Pods-OST TrackerTests.debug.xcconfig"; path = "Pods/Target Support Files/Pods-OST TrackerTests/Pods-OST TrackerTests.debug.xcconfig"; sourceTree = "<group>"; };
		4CF7A6D57F36DAB573148C1B /* Pods-OST Remote.release.xcconfig */ = {isa = PBXFileReference; includeInIndex = 1; lastKnownFileType = text.xcconfig; name = "Pods-OST Remote.release.xcconfig"; path = "Pods/Target Support Files/Pods-OST Remote/Pods-OST Remote.release.xcconfig"; sourceTree = "<group>"; };
		579586310034B8FBCFE130B5 /* Pods-OST Remote.debug.xcconfig */ = {isa = PBXFileReference; includeInIndex = 1; lastKnownFileType = text.xcconfig; name = "Pods-OST Remote.debug.xcconfig"; path = "Pods/Target Support Files/Pods-OST Remote/Pods-OST Remote.debug.xcconfig"; sourceTree = "<group>"; };
		6A056B671EEF9608004E0B45 /* OSTNetworkManager+Login.h */ = {isa = PBXFileReference; fileEncoding = 4; lastKnownFileType = sourcecode.c.h; path = "OSTNetworkManager+Login.h"; sourceTree = "<group>"; };
		6A056B681EEF9608004E0B45 /* OSTNetworkManager+Login.m */ = {isa = PBXFileReference; fileEncoding = 4; lastKnownFileType = sourcecode.c.objc; path = "OSTNetworkManager+Login.m"; sourceTree = "<group>"; };
		6A11A0521EF2CAF800D6D2CA /* OSTRightMenuViewController.h */ = {isa = PBXFileReference; fileEncoding = 4; lastKnownFileType = sourcecode.c.h; path = OSTRightMenuViewController.h; sourceTree = "<group>"; };
		6A11A0531EF2CAF800D6D2CA /* OSTRightMenuViewController.m */ = {isa = PBXFileReference; fileEncoding = 4; lastKnownFileType = sourcecode.c.objc; path = OSTRightMenuViewController.m; sourceTree = "<group>"; };
		6A11A0541EF2CAF800D6D2CA /* OSTRightMenuViewController.xib */ = {isa = PBXFileReference; fileEncoding = 4; lastKnownFileType = file.xib; path = OSTRightMenuViewController.xib; sourceTree = "<group>"; };
		6A11A0591EF2CB0D00D6D2CA /* OSTReviewSubmitViewController.h */ = {isa = PBXFileReference; fileEncoding = 4; lastKnownFileType = sourcecode.c.h; path = OSTReviewSubmitViewController.h; sourceTree = "<group>"; };
		6A11A05A1EF2CB0D00D6D2CA /* OSTReviewSubmitViewController.m */ = {isa = PBXFileReference; fileEncoding = 4; lastKnownFileType = sourcecode.c.objc; path = OSTReviewSubmitViewController.m; sourceTree = "<group>"; };
		6A11A05B1EF2CB0D00D6D2CA /* OSTReviewSubmitViewController.xib */ = {isa = PBXFileReference; fileEncoding = 4; lastKnownFileType = file.xib; path = OSTReviewSubmitViewController.xib; sourceTree = "<group>"; };
		6A11A0601EF2CB4000D6D2CA /* OSTEditEntryViewController.h */ = {isa = PBXFileReference; fileEncoding = 4; lastKnownFileType = sourcecode.c.h; path = OSTEditEntryViewController.h; sourceTree = "<group>"; };
		6A11A0611EF2CB4000D6D2CA /* OSTEditEntryViewController.m */ = {isa = PBXFileReference; fileEncoding = 4; lastKnownFileType = sourcecode.c.objc; path = OSTEditEntryViewController.m; sourceTree = "<group>"; };
		6A11A0621EF2CB4000D6D2CA /* OSTEditEntryViewController.xib */ = {isa = PBXFileReference; fileEncoding = 4; lastKnownFileType = file.xib; path = OSTEditEntryViewController.xib; sourceTree = "<group>"; };
		6A11A0671EF2CE5C00D6D2CA /* _CurrentCourse.h */ = {isa = PBXFileReference; fileEncoding = 4; lastKnownFileType = sourcecode.c.h; path = _CurrentCourse.h; sourceTree = "<group>"; };
		6A11A0681EF2CE5C00D6D2CA /* _CurrentCourse.m */ = {isa = PBXFileReference; fileEncoding = 4; lastKnownFileType = sourcecode.c.objc; path = _CurrentCourse.m; sourceTree = "<group>"; };
		6A11A0691EF2CE5C00D6D2CA /* CurrentCourse.h */ = {isa = PBXFileReference; fileEncoding = 4; lastKnownFileType = sourcecode.c.h; path = CurrentCourse.h; sourceTree = "<group>"; };
		6A11A06A1EF2CE5C00D6D2CA /* CurrentCourse.m */ = {isa = PBXFileReference; fileEncoding = 4; lastKnownFileType = sourcecode.c.objc; path = CurrentCourse.m; sourceTree = "<group>"; };
		6A11A06F1EF372DE00D6D2CA /* _CourseSplits.h */ = {isa = PBXFileReference; fileEncoding = 4; lastKnownFileType = sourcecode.c.h; path = _CourseSplits.h; sourceTree = "<group>"; };
		6A11A0701EF372DE00D6D2CA /* _CourseSplits.m */ = {isa = PBXFileReference; fileEncoding = 4; lastKnownFileType = sourcecode.c.objc; path = _CourseSplits.m; sourceTree = "<group>"; };
		6A11A0711EF372DE00D6D2CA /* CourseSplits.h */ = {isa = PBXFileReference; fileEncoding = 4; lastKnownFileType = sourcecode.c.h; path = CourseSplits.h; sourceTree = "<group>"; };
		6A11A0721EF372DE00D6D2CA /* CourseSplits.m */ = {isa = PBXFileReference; fileEncoding = 4; lastKnownFileType = sourcecode.c.objc; path = CourseSplits.m; sourceTree = "<group>"; };
		6A11A0771EF3809B00D6D2CA /* OSTNetworkManager+Entries.h */ = {isa = PBXFileReference; fileEncoding = 4; lastKnownFileType = sourcecode.c.h; path = "OSTNetworkManager+Entries.h"; sourceTree = "<group>"; };
		6A11A0781EF3809B00D6D2CA /* OSTNetworkManager+Entries.m */ = {isa = PBXFileReference; fileEncoding = 4; lastKnownFileType = sourcecode.c.objc; path = "OSTNetworkManager+Entries.m"; sourceTree = "<group>"; };
		6A2F2D6B1EF1BD42007CA921 /* Security.framework */ = {isa = PBXFileReference; lastKnownFileType = wrapper.framework; name = Security.framework; path = System/Library/Frameworks/Security.framework; sourceTree = SDKROOT; };
		6A2F2D6F1EF1C49A007CA921 /* OSTSessionManager.h */ = {isa = PBXFileReference; fileEncoding = 4; lastKnownFileType = sourcecode.c.h; path = OSTSessionManager.h; sourceTree = "<group>"; };
		6A2F2D701EF1C49A007CA921 /* OSTSessionManager.m */ = {isa = PBXFileReference; fileEncoding = 4; lastKnownFileType = sourcecode.c.objc; path = OSTSessionManager.m; sourceTree = "<group>"; };
		6A41ADFA1EF7F2BF00C9F834 /* _EffortModel.h */ = {isa = PBXFileReference; fileEncoding = 4; lastKnownFileType = sourcecode.c.h; path = _EffortModel.h; sourceTree = "<group>"; };
		6A41ADFB1EF7F2BF00C9F834 /* _EffortModel.m */ = {isa = PBXFileReference; fileEncoding = 4; lastKnownFileType = sourcecode.c.objc; path = _EffortModel.m; sourceTree = "<group>"; };
		6A41ADFC1EF7F2BF00C9F834 /* EffortModel.h */ = {isa = PBXFileReference; fileEncoding = 4; lastKnownFileType = sourcecode.c.h; path = EffortModel.h; sourceTree = "<group>"; };
		6A41ADFD1EF7F2BF00C9F834 /* EffortModel.m */ = {isa = PBXFileReference; fileEncoding = 4; lastKnownFileType = sourcecode.c.objc; path = EffortModel.m; sourceTree = "<group>"; };
		6A41AE031EF8B59D00C9F834 /* OSTReviewTableViewCell.h */ = {isa = PBXFileReference; fileEncoding = 4; lastKnownFileType = sourcecode.c.h; path = OSTReviewTableViewCell.h; sourceTree = "<group>"; };
		6A41AE041EF8B59D00C9F834 /* OSTReviewTableViewCell.m */ = {isa = PBXFileReference; fileEncoding = 4; lastKnownFileType = sourcecode.c.objc; path = OSTReviewTableViewCell.m; sourceTree = "<group>"; };
		6A41AE051EF8B59D00C9F834 /* OSTReviewTableViewCell.xib */ = {isa = PBXFileReference; fileEncoding = 4; lastKnownFileType = file.xib; path = OSTReviewTableViewCell.xib; sourceTree = "<group>"; };
		6A41AE0A1EF8D71500C9F834 /* UIView+Additions.h */ = {isa = PBXFileReference; fileEncoding = 4; lastKnownFileType = sourcecode.c.h; path = "UIView+Additions.h"; sourceTree = "<group>"; };
		6A41AE0B1EF8D71500C9F834 /* UIView+Additions.m */ = {isa = PBXFileReference; fileEncoding = 4; lastKnownFileType = sourcecode.c.objc; path = "UIView+Additions.m"; sourceTree = "<group>"; };
		6A549E4B1EEF866F00783F80 /* OSTDataModel.xcdatamodel */ = {isa = PBXFileReference; lastKnownFileType = wrapper.xcdatamodel; path = OSTDataModel.xcdatamodel; sourceTree = "<group>"; };
		6A549E4D1EEF86B900783F80 /* OSTLoginViewController.h */ = {isa = PBXFileReference; fileEncoding = 4; lastKnownFileType = sourcecode.c.h; path = OSTLoginViewController.h; sourceTree = "<group>"; };
		6A549E4E1EEF86B900783F80 /* OSTLoginViewController.m */ = {isa = PBXFileReference; fileEncoding = 4; lastKnownFileType = sourcecode.c.objc; path = OSTLoginViewController.m; sourceTree = "<group>"; };
		6A549E4F1EEF86B900783F80 /* OSTLoginViewController.xib */ = {isa = PBXFileReference; fileEncoding = 4; lastKnownFileType = file.xib; path = OSTLoginViewController.xib; sourceTree = "<group>"; };
		6A549E521EEF881C00783F80 /* OSTEventSelectionViewController.h */ = {isa = PBXFileReference; fileEncoding = 4; lastKnownFileType = sourcecode.c.h; path = OSTEventSelectionViewController.h; sourceTree = "<group>"; };
		6A549E531EEF881C00783F80 /* OSTEventSelectionViewController.m */ = {isa = PBXFileReference; fileEncoding = 4; lastKnownFileType = sourcecode.c.objc; path = OSTEventSelectionViewController.m; sourceTree = "<group>"; };
		6A549E541EEF881C00783F80 /* OSTEventSelectionViewController.xib */ = {isa = PBXFileReference; fileEncoding = 4; lastKnownFileType = file.xib; path = OSTEventSelectionViewController.xib; sourceTree = "<group>"; };
		6A549E581EEF8A5E00783F80 /* OSTNetworkManager.h */ = {isa = PBXFileReference; fileEncoding = 4; lastKnownFileType = sourcecode.c.h; path = OSTNetworkManager.h; sourceTree = "<group>"; };
		6A549E591EEF8A5E00783F80 /* OSTNetworkManager.m */ = {isa = PBXFileReference; fileEncoding = 4; lastKnownFileType = sourcecode.c.objc; path = OSTNetworkManager.m; sourceTree = "<group>"; };
		6A549E5B1EEF8B4100783F80 /* PrefixHeader.pch */ = {isa = PBXFileReference; fileEncoding = 4; lastKnownFileType = sourcecode.c.h; path = PrefixHeader.pch; sourceTree = "<group>"; };
		6A549E5C1EEF8B9400783F80 /* OSTConstants.h */ = {isa = PBXFileReference; fileEncoding = 4; lastKnownFileType = sourcecode.c.h; path = OSTConstants.h; sourceTree = "<group>"; };
		6A5E0D091EF1B25E00399EEC /* OST Remote.app */ = {isa = PBXFileReference; explicitFileType = wrapper.application; includeInIndex = 0; path = "OST Remote.app"; sourceTree = BUILT_PRODUCTS_DIR; };
		6AA6E9CB1EF02CAB0061EEB0 /* OSTRunnerTrackerViewController.h */ = {isa = PBXFileReference; fileEncoding = 4; lastKnownFileType = sourcecode.c.h; path = OSTRunnerTrackerViewController.h; sourceTree = "<group>"; };
		6AA6E9CC1EF02CAB0061EEB0 /* OSTRunnerTrackerViewController.m */ = {isa = PBXFileReference; fileEncoding = 4; lastKnownFileType = sourcecode.c.objc; path = OSTRunnerTrackerViewController.m; sourceTree = "<group>"; };
		6AA6E9CD1EF02CAB0061EEB0 /* OSTRunnerTrackerViewController.xib */ = {isa = PBXFileReference; fileEncoding = 4; lastKnownFileType = file.xib; path = OSTRunnerTrackerViewController.xib; sourceTree = "<group>"; };
		6AA6E9D01EF0DF320061EEB0 /* OSTNetworkManager+Events.h */ = {isa = PBXFileReference; fileEncoding = 4; lastKnownFileType = sourcecode.c.h; path = "OSTNetworkManager+Events.h"; sourceTree = "<group>"; };
		6AA6E9D11EF0DF320061EEB0 /* OSTNetworkManager+Events.m */ = {isa = PBXFileReference; fileEncoding = 4; lastKnownFileType = sourcecode.c.objc; path = "OSTNetworkManager+Events.m"; sourceTree = "<group>"; };
		6AA6E9DA1EF0E7D70061EEB0 /* _EntryModel.h */ = {isa = PBXFileReference; fileEncoding = 4; lastKnownFileType = sourcecode.c.h; path = _EntryModel.h; sourceTree = "<group>"; };
		6AA6E9DB1EF0E7D70061EEB0 /* _EntryModel.m */ = {isa = PBXFileReference; fileEncoding = 4; lastKnownFileType = sourcecode.c.objc; path = _EntryModel.m; sourceTree = "<group>"; };
		6AA6E9DC1EF0E7D70061EEB0 /* _EventModel.h */ = {isa = PBXFileReference; fileEncoding = 4; lastKnownFileType = sourcecode.c.h; path = _EventModel.h; sourceTree = "<group>"; };
		6AA6E9DD1EF0E7D70061EEB0 /* _EventModel.m */ = {isa = PBXFileReference; fileEncoding = 4; lastKnownFileType = sourcecode.c.objc; path = _EventModel.m; sourceTree = "<group>"; };
		6AA6E9DE1EF0E7D70061EEB0 /* EntryModel.h */ = {isa = PBXFileReference; fileEncoding = 4; lastKnownFileType = sourcecode.c.h; path = EntryModel.h; sourceTree = "<group>"; };
		6AA6E9DF1EF0E7D70061EEB0 /* EntryModel.m */ = {isa = PBXFileReference; fileEncoding = 4; lastKnownFileType = sourcecode.c.objc; path = EntryModel.m; sourceTree = "<group>"; };
		6AA6E9E01EF0E7D70061EEB0 /* EventModel.h */ = {isa = PBXFileReference; fileEncoding = 4; lastKnownFileType = sourcecode.c.h; path = EventModel.h; sourceTree = "<group>"; };
		6AA6E9E11EF0E7D70061EEB0 /* EventModel.m */ = {isa = PBXFileReference; fileEncoding = 4; lastKnownFileType = sourcecode.c.objc; path = EventModel.m; sourceTree = "<group>"; };
		6AEFFC051EEF83DA009EEE21 /* OST Remote Dev.app */ = {isa = PBXFileReference; explicitFileType = wrapper.application; includeInIndex = 0; path = "OST Remote Dev.app"; sourceTree = BUILT_PRODUCTS_DIR; };
		6AEFFC091EEF83DA009EEE21 /* main.m */ = {isa = PBXFileReference; lastKnownFileType = sourcecode.c.objc; path = main.m; sourceTree = "<group>"; };
		6AEFFC0B1EEF83DA009EEE21 /* AppDelegate.h */ = {isa = PBXFileReference; lastKnownFileType = sourcecode.c.h; path = AppDelegate.h; sourceTree = "<group>"; };
		6AEFFC0C1EEF83DA009EEE21 /* AppDelegate.m */ = {isa = PBXFileReference; lastKnownFileType = sourcecode.c.objc; path = AppDelegate.m; sourceTree = "<group>"; };
		6AEFFC141EEF83DA009EEE21 /* Assets.xcassets */ = {isa = PBXFileReference; lastKnownFileType = folder.assetcatalog; path = Assets.xcassets; sourceTree = "<group>"; };
		6AEFFC171EEF83DA009EEE21 /* Base */ = {isa = PBXFileReference; lastKnownFileType = file.storyboard; name = Base; path = Base.lproj/LaunchScreen.storyboard; sourceTree = "<group>"; };
		6AEFFC191EEF83DA009EEE21 /* Info.plist */ = {isa = PBXFileReference; lastKnownFileType = text.plist.xml; path = Info.plist; sourceTree = "<group>"; };
		6AEFFC1E1EEF83DA009EEE21 /* OST TrackerTests.xctest */ = {isa = PBXFileReference; explicitFileType = wrapper.cfbundle; includeInIndex = 0; path = "OST TrackerTests.xctest"; sourceTree = BUILT_PRODUCTS_DIR; };
		6AEFFC221EEF83DA009EEE21 /* OST_TrackerTests.m */ = {isa = PBXFileReference; lastKnownFileType = sourcecode.c.objc; path = OST_TrackerTests.m; sourceTree = "<group>"; };
		6AEFFC241EEF83DA009EEE21 /* Info.plist */ = {isa = PBXFileReference; lastKnownFileType = text.plist.xml; path = Info.plist; sourceTree = "<group>"; };
		A0E751E4ADA6FD2038FFD486 /* Pods-OST Remote Dev.debug.xcconfig */ = {isa = PBXFileReference; includeInIndex = 1; lastKnownFileType = text.xcconfig; name = "Pods-OST Remote Dev.debug.xcconfig"; path = "Pods/Target Support Files/Pods-OST Remote Dev/Pods-OST Remote Dev.debug.xcconfig"; sourceTree = "<group>"; };
		A1FF52308D84D8373D16B013 /* Pods_OST_Remote_Dev.framework */ = {isa = PBXFileReference; explicitFileType = wrapper.framework; includeInIndex = 0; path = Pods_OST_Remote_Dev.framework; sourceTree = BUILT_PRODUCTS_DIR; };
		AB77EAFA7F49A4F7CE36D115 /* Pods-OST TrackerTests.release.xcconfig */ = {isa = PBXFileReference; includeInIndex = 1; lastKnownFileType = text.xcconfig; name = "Pods-OST TrackerTests.release.xcconfig"; path = "Pods/Target Support Files/Pods-OST TrackerTests/Pods-OST TrackerTests.release.xcconfig"; sourceTree = "<group>"; };
		B865E2170A517AF2561CC3EF /* Pods-OST Tracker.release.xcconfig */ = {isa = PBXFileReference; includeInIndex = 1; lastKnownFileType = text.xcconfig; name = "Pods-OST Tracker.release.xcconfig"; path = "Pods/Target Support Files/Pods-OST Tracker/Pods-OST Tracker.release.xcconfig"; sourceTree = "<group>"; };
		BC96FF91D68095F85B304295 /* Pods_OST_Remote.framework */ = {isa = PBXFileReference; explicitFileType = wrapper.framework; includeInIndex = 0; path = Pods_OST_Remote.framework; sourceTree = BUILT_PRODUCTS_DIR; };
		DE3FD42F24001103B185480A /* Pods_OST_TrackerTests.framework */ = {isa = PBXFileReference; explicitFileType = wrapper.framework; includeInIndex = 0; path = Pods_OST_TrackerTests.framework; sourceTree = BUILT_PRODUCTS_DIR; };
		EC360162C7A38DB3DF8C3D44 /* Pods-OST Remote Dev.release.xcconfig */ = {isa = PBXFileReference; includeInIndex = 1; lastKnownFileType = text.xcconfig; name = "Pods-OST Remote Dev.release.xcconfig"; path = "Pods/Target Support Files/Pods-OST Remote Dev/Pods-OST Remote Dev.release.xcconfig"; sourceTree = "<group>"; };
/* End PBXFileReference section */

/* Begin PBXFrameworksBuildPhase section */
		6A5E0CFC1EF1B25E00399EEC /* Frameworks */ = {
			isa = PBXFrameworksBuildPhase;
			buildActionMask = 2147483647;
			files = (
				6A2F2D6C1EF1BD42007CA921 /* Security.framework in Frameworks */,
				56CF38085D1E176CF96D3C7B /* Pods_OST_Remote.framework in Frameworks */,
			);
			runOnlyForDeploymentPostprocessing = 0;
		};
		6AEFFC021EEF83DA009EEE21 /* Frameworks */ = {
			isa = PBXFrameworksBuildPhase;
			buildActionMask = 2147483647;
			files = (
				6A2F2D6D1EF1BD49007CA921 /* Security.framework in Frameworks */,
				396DBEEF6C2BB9E4F1E571C5 /* Pods_OST_Remote_Dev.framework in Frameworks */,
			);
			runOnlyForDeploymentPostprocessing = 0;
		};
		6AEFFC1B1EEF83DA009EEE21 /* Frameworks */ = {
			isa = PBXFrameworksBuildPhase;
			buildActionMask = 2147483647;
			files = (
				6F973D9A74959634619649C9 /* Pods_OST_TrackerTests.framework in Frameworks */,
			);
			runOnlyForDeploymentPostprocessing = 0;
		};
/* End PBXFrameworksBuildPhase section */

/* Begin PBXGroup section */
		0DF73CC3B87086394F68562D /* Frameworks */ = {
			isa = PBXGroup;
			children = (
				6A2F2D6B1EF1BD42007CA921 /* Security.framework */,
				3D0D6AD5526D0018AF27F4C4 /* Pods_OST_Tracker.framework */,
				DE3FD42F24001103B185480A /* Pods_OST_TrackerTests.framework */,
				BC96FF91D68095F85B304295 /* Pods_OST_Remote.framework */,
				A1FF52308D84D8373D16B013 /* Pods_OST_Remote_Dev.framework */,
			);
			name = Frameworks;
			sourceTree = "<group>";
		};
		4B37AA18875D02B81B9F9A2B /* Pods */ = {
			isa = PBXGroup;
			children = (
				054C4C7C5D571C9B25F73CDA /* Pods-OST Tracker.debug.xcconfig */,
				B865E2170A517AF2561CC3EF /* Pods-OST Tracker.release.xcconfig */,
				427692031F92F5E88F95FFF3 /* Pods-OST TrackerTests.debug.xcconfig */,
				AB77EAFA7F49A4F7CE36D115 /* Pods-OST TrackerTests.release.xcconfig */,
				579586310034B8FBCFE130B5 /* Pods-OST Remote.debug.xcconfig */,
				4CF7A6D57F36DAB573148C1B /* Pods-OST Remote.release.xcconfig */,
				A0E751E4ADA6FD2038FFD486 /* Pods-OST Remote Dev.debug.xcconfig */,
				EC360162C7A38DB3DF8C3D44 /* Pods-OST Remote Dev.release.xcconfig */,
			);
			name = Pods;
			sourceTree = "<group>";
		};
		6A2F2D6E1EF1C46B007CA921 /* SessionManager */ = {
			isa = PBXGroup;
			children = (
				6A2F2D6F1EF1C49A007CA921 /* OSTSessionManager.h */,
				6A2F2D701EF1C49A007CA921 /* OSTSessionManager.m */,
			);
			path = SessionManager;
			sourceTree = "<group>";
		};
		6A41AE021EF8B58300C9F834 /* TableViewCells */ = {
			isa = PBXGroup;
			children = (
				6A41AE031EF8B59D00C9F834 /* OSTReviewTableViewCell.h */,
				6A41AE041EF8B59D00C9F834 /* OSTReviewTableViewCell.m */,
				6A41AE051EF8B59D00C9F834 /* OSTReviewTableViewCell.xib */,
			);
			path = TableViewCells;
			sourceTree = "<group>";
		};
		6A549E471EEF865100783F80 /* DataBase */ = {
			isa = PBXGroup;
			children = (
				6A549E4A1EEF866F00783F80 /* OSTDataModel.xcdatamodeld */,
			);
			path = DataBase;
			sourceTree = "<group>";
		};
		6A549E491EEF865100783F80 /* ViewControllers */ = {
			isa = PBXGroup;
			children = (
				6A41AE021EF8B58300C9F834 /* TableViewCells */,
				6A549E4D1EEF86B900783F80 /* OSTLoginViewController.h */,
				6A549E4E1EEF86B900783F80 /* OSTLoginViewController.m */,
				6A549E4F1EEF86B900783F80 /* OSTLoginViewController.xib */,
				6A549E521EEF881C00783F80 /* OSTEventSelectionViewController.h */,
				6A549E531EEF881C00783F80 /* OSTEventSelectionViewController.m */,
				6A549E541EEF881C00783F80 /* OSTEventSelectionViewController.xib */,
				6AA6E9CB1EF02CAB0061EEB0 /* OSTRunnerTrackerViewController.h */,
				6AA6E9CC1EF02CAB0061EEB0 /* OSTRunnerTrackerViewController.m */,
				6AA6E9CD1EF02CAB0061EEB0 /* OSTRunnerTrackerViewController.xib */,
				6A11A0521EF2CAF800D6D2CA /* OSTRightMenuViewController.h */,
				6A11A0531EF2CAF800D6D2CA /* OSTRightMenuViewController.m */,
				6A11A0541EF2CAF800D6D2CA /* OSTRightMenuViewController.xib */,
				6A11A0591EF2CB0D00D6D2CA /* OSTReviewSubmitViewController.h */,
				6A11A05A1EF2CB0D00D6D2CA /* OSTReviewSubmitViewController.m */,
				6A11A05B1EF2CB0D00D6D2CA /* OSTReviewSubmitViewController.xib */,
				6A11A0601EF2CB4000D6D2CA /* OSTEditEntryViewController.h */,
				6A11A0611EF2CB4000D6D2CA /* OSTEditEntryViewController.m */,
				6A11A0621EF2CB4000D6D2CA /* OSTEditEntryViewController.xib */,
			);
			path = ViewControllers;
			sourceTree = "<group>";
		};
		6A549E571EEF8A3E00783F80 /* Network */ = {
			isa = PBXGroup;
			children = (
				6A549E581EEF8A5E00783F80 /* OSTNetworkManager.h */,
				6A549E591EEF8A5E00783F80 /* OSTNetworkManager.m */,
				6A056B671EEF9608004E0B45 /* OSTNetworkManager+Login.h */,
				6A056B681EEF9608004E0B45 /* OSTNetworkManager+Login.m */,
				6AA6E9D01EF0DF320061EEB0 /* OSTNetworkManager+Events.h */,
				6AA6E9D11EF0DF320061EEB0 /* OSTNetworkManager+Events.m */,
				6A11A0771EF3809B00D6D2CA /* OSTNetworkManager+Entries.h */,
				6A11A0781EF3809B00D6D2CA /* OSTNetworkManager+Entries.m */,
			);
			path = Network;
			sourceTree = "<group>";
		};
		6AA6E9D81EF0E7D70061EEB0 /* Model */ = {
			isa = PBXGroup;
			children = (
				6AA6E9D91EF0E7D70061EEB0 /* Managed */,
			);
			path = Model;
			sourceTree = "<group>";
		};
		6AA6E9D91EF0E7D70061EEB0 /* Managed */ = {
			isa = PBXGroup;
			children = (
				6AA6E9DA1EF0E7D70061EEB0 /* _EntryModel.h */,
				6AA6E9DB1EF0E7D70061EEB0 /* _EntryModel.m */,
				6AA6E9DC1EF0E7D70061EEB0 /* _EventModel.h */,
				6AA6E9DD1EF0E7D70061EEB0 /* _EventModel.m */,
				6A11A0671EF2CE5C00D6D2CA /* _CurrentCourse.h */,
				6A11A0681EF2CE5C00D6D2CA /* _CurrentCourse.m */,
				6A11A06F1EF372DE00D6D2CA /* _CourseSplits.h */,
				6A11A0701EF372DE00D6D2CA /* _CourseSplits.m */,
				6A41ADFA1EF7F2BF00C9F834 /* _EffortModel.h */,
				6A41ADFB1EF7F2BF00C9F834 /* _EffortModel.m */,
				6A41ADFC1EF7F2BF00C9F834 /* EffortModel.h */,
				6A41ADFD1EF7F2BF00C9F834 /* EffortModel.m */,
				6A11A0711EF372DE00D6D2CA /* CourseSplits.h */,
				6A11A0721EF372DE00D6D2CA /* CourseSplits.m */,
				6A11A0691EF2CE5C00D6D2CA /* CurrentCourse.h */,
				6A11A06A1EF2CE5C00D6D2CA /* CurrentCourse.m */,
				6AA6E9DE1EF0E7D70061EEB0 /* EntryModel.h */,
				6AA6E9DF1EF0E7D70061EEB0 /* EntryModel.m */,
				6AA6E9E01EF0E7D70061EEB0 /* EventModel.h */,
				6AA6E9E11EF0E7D70061EEB0 /* EventModel.m */,
			);
			path = Managed;
			sourceTree = "<group>";
		};
		6AEFFBFC1EEF83DA009EEE21 = {
			isa = PBXGroup;
			children = (
				6AEFFC071EEF83DA009EEE21 /* OST Tracker */,
				6AEFFC211EEF83DA009EEE21 /* OST TrackerTests */,
				6AEFFC061EEF83DA009EEE21 /* Products */,
				4B37AA18875D02B81B9F9A2B /* Pods */,
				0DF73CC3B87086394F68562D /* Frameworks */,
			);
			sourceTree = "<group>";
		};
		6AEFFC061EEF83DA009EEE21 /* Products */ = {
			isa = PBXGroup;
			children = (
				6AEFFC051EEF83DA009EEE21 /* OST Remote Dev.app */,
				6AEFFC1E1EEF83DA009EEE21 /* OST TrackerTests.xctest */,
				6A5E0D091EF1B25E00399EEC /* OST Remote.app */,
			);
			name = Products;
			sourceTree = "<group>";
		};
		6AEFFC071EEF83DA009EEE21 /* OST Tracker */ = {
			isa = PBXGroup;
			children = (
				6A2F2D6E1EF1C46B007CA921 /* SessionManager */,
				6A549E571EEF8A3E00783F80 /* Network */,
				6A549E471EEF865100783F80 /* DataBase */,
				6AA6E9D81EF0E7D70061EEB0 /* Model */,
				6A549E491EEF865100783F80 /* ViewControllers */,
				6AEFFC0B1EEF83DA009EEE21 /* AppDelegate.h */,
				6AEFFC0C1EEF83DA009EEE21 /* AppDelegate.m */,
				6AEFFC141EEF83DA009EEE21 /* Assets.xcassets */,
				6AEFFC161EEF83DA009EEE21 /* LaunchScreen.storyboard */,
				6AEFFC191EEF83DA009EEE21 /* Info.plist */,
				6A41AE0A1EF8D71500C9F834 /* UIView+Additions.h */,
				6A41AE0B1EF8D71500C9F834 /* UIView+Additions.m */,
				6A549E5B1EEF8B4100783F80 /* PrefixHeader.pch */,
				6A549E5C1EEF8B9400783F80 /* OSTConstants.h */,
				6AEFFC081EEF83DA009EEE21 /* Supporting Files */,
			);
			path = "OST Tracker";
			sourceTree = "<group>";
		};
		6AEFFC081EEF83DA009EEE21 /* Supporting Files */ = {
			isa = PBXGroup;
			children = (
				6AEFFC091EEF83DA009EEE21 /* main.m */,
			);
			name = "Supporting Files";
			sourceTree = "<group>";
		};
		6AEFFC211EEF83DA009EEE21 /* OST TrackerTests */ = {
			isa = PBXGroup;
			children = (
				6AEFFC221EEF83DA009EEE21 /* OST_TrackerTests.m */,
				6AEFFC241EEF83DA009EEE21 /* Info.plist */,
			);
			path = "OST TrackerTests";
			sourceTree = "<group>";
		};
/* End PBXGroup section */

/* Begin PBXNativeTarget section */
		6A5E0CEC1EF1B25E00399EEC /* OST Remote */ = {
			isa = PBXNativeTarget;
			buildConfigurationList = 6A5E0D061EF1B25E00399EEC /* Build configuration list for PBXNativeTarget "OST Remote" */;
			buildPhases = (
				6A5E0CED1EF1B25E00399EEC /* [CP] Check Pods Manifest.lock */,
				6A5E0CEE1EF1B25E00399EEC /* Sources */,
				6A5E0CFC1EF1B25E00399EEC /* Frameworks */,
				6A5E0CFE1EF1B25E00399EEC /* Resources */,
				6A5E0D041EF1B25E00399EEC /* [CP] Embed Pods Frameworks */,
				6A5E0D051EF1B25E00399EEC /* [CP] Copy Pods Resources */,
				D58D595C1EF31AFE004610FF /* ShellScript */,
			);
			buildRules = (
			);
			dependencies = (
			);
			name = "OST Remote";
			productName = "OST Tracker";
			productReference = 6A5E0D091EF1B25E00399EEC /* OST Remote.app */;
			productType = "com.apple.product-type.application";
		};
		6AEFFC041EEF83DA009EEE21 /* OST Remote Dev */ = {
			isa = PBXNativeTarget;
			buildConfigurationList = 6AEFFC271EEF83DA009EEE21 /* Build configuration list for PBXNativeTarget "OST Remote Dev" */;
			buildPhases = (
				1809B394149CDF9D2F9497CF /* [CP] Check Pods Manifest.lock */,
				6AEFFC011EEF83DA009EEE21 /* Sources */,
				6AEFFC021EEF83DA009EEE21 /* Frameworks */,
				6AEFFC031EEF83DA009EEE21 /* Resources */,
				7421FF7EABECE4DE01C9A1CF /* [CP] Embed Pods Frameworks */,
				2295FA4181504AF3AA0071DF /* [CP] Copy Pods Resources */,
				D58D595D1EF31B30004610FF /* ShellScript */,
			);
			buildRules = (
			);
			dependencies = (
			);
			name = "OST Remote Dev";
			productName = "OST Tracker";
			productReference = 6AEFFC051EEF83DA009EEE21 /* OST Remote Dev.app */;
			productType = "com.apple.product-type.application";
		};
		6AEFFC1D1EEF83DA009EEE21 /* OST TrackerTests */ = {
			isa = PBXNativeTarget;
			buildConfigurationList = 6AEFFC2A1EEF83DA009EEE21 /* Build configuration list for PBXNativeTarget "OST TrackerTests" */;
			buildPhases = (
				029F939C1E087B3BE333E3AE /* [CP] Check Pods Manifest.lock */,
				6AEFFC1A1EEF83DA009EEE21 /* Sources */,
				6AEFFC1B1EEF83DA009EEE21 /* Frameworks */,
				6AEFFC1C1EEF83DA009EEE21 /* Resources */,
				0D6228B41B66B329FB31FBFC /* [CP] Embed Pods Frameworks */,
				DC560F3F9F5D26CEFFD58E62 /* [CP] Copy Pods Resources */,
			);
			buildRules = (
			);
			dependencies = (
				6AEFFC201EEF83DA009EEE21 /* PBXTargetDependency */,
			);
			name = "OST TrackerTests";
			productName = "OST TrackerTests";
			productReference = 6AEFFC1E1EEF83DA009EEE21 /* OST TrackerTests.xctest */;
			productType = "com.apple.product-type.bundle.unit-test";
		};
/* End PBXNativeTarget section */

/* Begin PBXProject section */
		6AEFFBFD1EEF83DA009EEE21 /* Project object */ = {
			isa = PBXProject;
			attributes = {
				CLASSPREFIX = OST;
				LastUpgradeCheck = 0830;
				ORGANIZATIONNAME = OST;
				TargetAttributes = {
					6A5E0CEC1EF1B25E00399EEC = {
						DevelopmentTeam = MEL2GJ9CJX;
					};
					6AA6E9D31EF0E4C70061EEB0 = {
						CreatedOnToolsVersion = 8.3.2;
						ProvisioningStyle = Automatic;
					};
					6AEFFC041EEF83DA009EEE21 = {
						CreatedOnToolsVersion = 8.3.2;
						DevelopmentTeam = MEL2GJ9CJX;
						LastSwiftMigration = 0830;
						ProvisioningStyle = Automatic;
						SystemCapabilities = {
							com.apple.Keychain = {
								enabled = 0;
							};
						};
					};
					6AEFFC1D1EEF83DA009EEE21 = {
						CreatedOnToolsVersion = 8.3.2;
						ProvisioningStyle = Automatic;
						TestTargetID = 6AEFFC041EEF83DA009EEE21;
					};
				};
			};
			buildConfigurationList = 6AEFFC001EEF83DA009EEE21 /* Build configuration list for PBXProject "OST Tracker" */;
			compatibilityVersion = "Xcode 3.2";
			developmentRegion = English;
			hasScannedForEncodings = 0;
			knownRegions = (
				en,
				Base,
			);
			mainGroup = 6AEFFBFC1EEF83DA009EEE21;
			productRefGroup = 6AEFFC061EEF83DA009EEE21 /* Products */;
			projectDirPath = "";
			projectRoot = "";
			targets = (
				6A5E0CEC1EF1B25E00399EEC /* OST Remote */,
				6AEFFC041EEF83DA009EEE21 /* OST Remote Dev */,
				6AEFFC1D1EEF83DA009EEE21 /* OST TrackerTests */,
				6AA6E9D31EF0E4C70061EEB0 /* Mogenerator */,
			);
		};
/* End PBXProject section */

/* Begin PBXResourcesBuildPhase section */
		6A5E0CFE1EF1B25E00399EEC /* Resources */ = {
			isa = PBXResourcesBuildPhase;
			buildActionMask = 2147483647;
			files = (
				6A5E0CFF1EF1B25E00399EEC /* LaunchScreen.storyboard in Resources */,
				6A5E0D001EF1B25E00399EEC /* OSTRunnerTrackerViewController.xib in Resources */,
				6A5E0D011EF1B25E00399EEC /* OSTEventSelectionViewController.xib in Resources */,
				6A11A0571EF2CAF800D6D2CA /* OSTRightMenuViewController.xib in Resources */,
				6A41AE081EF8B59D00C9F834 /* OSTReviewTableViewCell.xib in Resources */,
				6A11A0651EF2CB4000D6D2CA /* OSTEditEntryViewController.xib in Resources */,
				6A5E0D021EF1B25E00399EEC /* Assets.xcassets in Resources */,
				6A11A05E1EF2CB0D00D6D2CA /* OSTReviewSubmitViewController.xib in Resources */,
				6A5E0D031EF1B25E00399EEC /* OSTLoginViewController.xib in Resources */,
			);
			runOnlyForDeploymentPostprocessing = 0;
		};
		6AEFFC031EEF83DA009EEE21 /* Resources */ = {
			isa = PBXResourcesBuildPhase;
			buildActionMask = 2147483647;
			files = (
				6AEFFC181EEF83DA009EEE21 /* LaunchScreen.storyboard in Resources */,
				6AA6E9CF1EF02CAB0061EEB0 /* OSTRunnerTrackerViewController.xib in Resources */,
				6A549E561EEF881C00783F80 /* OSTEventSelectionViewController.xib in Resources */,
				6A11A0581EF2CAF800D6D2CA /* OSTRightMenuViewController.xib in Resources */,
				6A41AE091EF8B59D00C9F834 /* OSTReviewTableViewCell.xib in Resources */,
				6A11A0661EF2CB4000D6D2CA /* OSTEditEntryViewController.xib in Resources */,
				6AEFFC151EEF83DA009EEE21 /* Assets.xcassets in Resources */,
				6A11A05F1EF2CB0D00D6D2CA /* OSTReviewSubmitViewController.xib in Resources */,
				6A549E511EEF86B900783F80 /* OSTLoginViewController.xib in Resources */,
			);
			runOnlyForDeploymentPostprocessing = 0;
		};
		6AEFFC1C1EEF83DA009EEE21 /* Resources */ = {
			isa = PBXResourcesBuildPhase;
			buildActionMask = 2147483647;
			files = (
			);
			runOnlyForDeploymentPostprocessing = 0;
		};
/* End PBXResourcesBuildPhase section */

/* Begin PBXShellScriptBuildPhase section */
		029F939C1E087B3BE333E3AE /* [CP] Check Pods Manifest.lock */ = {
			isa = PBXShellScriptBuildPhase;
			buildActionMask = 2147483647;
			files = (
			);
			inputPaths = (
			);
			name = "[CP] Check Pods Manifest.lock";
			outputPaths = (
			);
			runOnlyForDeploymentPostprocessing = 0;
			shellPath = /bin/sh;
			shellScript = "diff \"${PODS_PODFILE_DIR_PATH}/Podfile.lock\" \"${PODS_ROOT}/Manifest.lock\" > /dev/null\nif [ $? != 0 ] ; then\n    # print error to STDERR\n    echo \"error: The sandbox is not in sync with the Podfile.lock. Run 'pod install' or update your CocoaPods installation.\" >&2\n    exit 1\nfi\n";
			showEnvVarsInLog = 0;
		};
		0D6228B41B66B329FB31FBFC /* [CP] Embed Pods Frameworks */ = {
			isa = PBXShellScriptBuildPhase;
			buildActionMask = 2147483647;
			files = (
			);
			inputPaths = (
			);
			name = "[CP] Embed Pods Frameworks";
			outputPaths = (
			);
			runOnlyForDeploymentPostprocessing = 0;
			shellPath = /bin/sh;
			shellScript = "\"${SRCROOT}/Pods/Target Support Files/Pods-OST TrackerTests/Pods-OST TrackerTests-frameworks.sh\"\n";
			showEnvVarsInLog = 0;
		};
		1809B394149CDF9D2F9497CF /* [CP] Check Pods Manifest.lock */ = {
			isa = PBXShellScriptBuildPhase;
			buildActionMask = 2147483647;
			files = (
			);
			inputPaths = (
			);
			name = "[CP] Check Pods Manifest.lock";
			outputPaths = (
			);
			runOnlyForDeploymentPostprocessing = 0;
			shellPath = /bin/sh;
			shellScript = "diff \"${PODS_PODFILE_DIR_PATH}/Podfile.lock\" \"${PODS_ROOT}/Manifest.lock\" > /dev/null\nif [ $? != 0 ] ; then\n    # print error to STDERR\n    echo \"error: The sandbox is not in sync with the Podfile.lock. Run 'pod install' or update your CocoaPods installation.\" >&2\n    exit 1\nfi\n";
			showEnvVarsInLog = 0;
		};
		2295FA4181504AF3AA0071DF /* [CP] Copy Pods Resources */ = {
			isa = PBXShellScriptBuildPhase;
			buildActionMask = 2147483647;
			files = (
			);
			inputPaths = (
			);
			name = "[CP] Copy Pods Resources";
			outputPaths = (
			);
			runOnlyForDeploymentPostprocessing = 0;
			shellPath = /bin/sh;
			shellScript = "\"${SRCROOT}/Pods/Target Support Files/Pods-OST Remote Dev/Pods-OST Remote Dev-resources.sh\"\n";
			showEnvVarsInLog = 0;
		};
		6A5E0CED1EF1B25E00399EEC /* [CP] Check Pods Manifest.lock */ = {
			isa = PBXShellScriptBuildPhase;
			buildActionMask = 2147483647;
			files = (
			);
			inputPaths = (
			);
			name = "[CP] Check Pods Manifest.lock";
			outputPaths = (
			);
			runOnlyForDeploymentPostprocessing = 0;
			shellPath = /bin/sh;
			shellScript = "diff \"${PODS_PODFILE_DIR_PATH}/Podfile.lock\" \"${PODS_ROOT}/Manifest.lock\" > /dev/null\nif [ $? != 0 ] ; then\n    # print error to STDERR\n    echo \"error: The sandbox is not in sync with the Podfile.lock. Run 'pod install' or update your CocoaPods installation.\" >&2\n    exit 1\nfi\n";
			showEnvVarsInLog = 0;
		};
		6A5E0D041EF1B25E00399EEC /* [CP] Embed Pods Frameworks */ = {
			isa = PBXShellScriptBuildPhase;
			buildActionMask = 2147483647;
			files = (
			);
			inputPaths = (
			);
			name = "[CP] Embed Pods Frameworks";
			outputPaths = (
			);
			runOnlyForDeploymentPostprocessing = 0;
			shellPath = /bin/sh;
			shellScript = "\"${SRCROOT}/Pods/Target Support Files/Pods-OST Remote/Pods-OST Remote-frameworks.sh\"\n";
			showEnvVarsInLog = 0;
		};
		6A5E0D051EF1B25E00399EEC /* [CP] Copy Pods Resources */ = {
			isa = PBXShellScriptBuildPhase;
			buildActionMask = 2147483647;
			files = (
			);
			inputPaths = (
			);
			name = "[CP] Copy Pods Resources";
			outputPaths = (
			);
			runOnlyForDeploymentPostprocessing = 0;
			shellPath = /bin/sh;
			shellScript = "\"${SRCROOT}/Pods/Target Support Files/Pods-OST Remote/Pods-OST Remote-resources.sh\"\n";
			showEnvVarsInLog = 0;
		};
		6AA6E9D71EF0E4E30061EEB0 /* ShellScript */ = {
			isa = PBXShellScriptBuildPhase;
			buildActionMask = 2147483647;
			files = (
			);
			inputPaths = (
			);
			outputPaths = (
			);
			runOnlyForDeploymentPostprocessing = 0;
			shellPath = /bin/sh;
			shellScript = "mogenerator -m 'OST Tracker/Database/OSTDataModel.xcdatamodeld' -O 'OST Tracker/Model/Managed' --template-var arc=true";
		};
		7421FF7EABECE4DE01C9A1CF /* [CP] Embed Pods Frameworks */ = {
			isa = PBXShellScriptBuildPhase;
			buildActionMask = 2147483647;
			files = (
			);
			inputPaths = (
			);
			name = "[CP] Embed Pods Frameworks";
			outputPaths = (
			);
			runOnlyForDeploymentPostprocessing = 0;
			shellPath = /bin/sh;
			shellScript = "\"${SRCROOT}/Pods/Target Support Files/Pods-OST Remote Dev/Pods-OST Remote Dev-frameworks.sh\"\n";
			showEnvVarsInLog = 0;
		};
		D58D595C1EF31AFE004610FF /* ShellScript */ = {
			isa = PBXShellScriptBuildPhase;
			buildActionMask = 2147483647;
			files = (
			);
			inputPaths = (
			);
			outputPaths = (
			);
			runOnlyForDeploymentPostprocessing = 0;
			shellPath = /bin/sh;
			shellScript = "\"${PODS_ROOT}/Fabric/run\" 7e2b02fbd05cd402461e85c5e27b29598e491730 f4630459b55305322359babcb51284f01f3f3672a0a2a665759a7052c15dad10";
		};
		D58D595D1EF31B30004610FF /* ShellScript */ = {
			isa = PBXShellScriptBuildPhase;
			buildActionMask = 2147483647;
			files = (
			);
			inputPaths = (
			);
			outputPaths = (
			);
			runOnlyForDeploymentPostprocessing = 0;
			shellPath = /bin/sh;
			shellScript = "\"${PODS_ROOT}/Fabric/run\" 7e2b02fbd05cd402461e85c5e27b29598e491730 f4630459b55305322359babcb51284f01f3f3672a0a2a665759a7052c15dad10";
		};
		DC560F3F9F5D26CEFFD58E62 /* [CP] Copy Pods Resources */ = {
			isa = PBXShellScriptBuildPhase;
			buildActionMask = 2147483647;
			files = (
			);
			inputPaths = (
			);
			name = "[CP] Copy Pods Resources";
			outputPaths = (
			);
			runOnlyForDeploymentPostprocessing = 0;
			shellPath = /bin/sh;
			shellScript = "\"${SRCROOT}/Pods/Target Support Files/Pods-OST TrackerTests/Pods-OST TrackerTests-resources.sh\"\n";
			showEnvVarsInLog = 0;
		};
/* End PBXShellScriptBuildPhase section */

/* Begin PBXSourcesBuildPhase section */
		6A5E0CEE1EF1B25E00399EEC /* Sources */ = {
			isa = PBXSourcesBuildPhase;
			buildActionMask = 2147483647;
			files = (
				6A41AE061EF8B59D00C9F834 /* OSTReviewTableViewCell.m in Sources */,
				6A11A06B1EF2CE5C00D6D2CA /* _CurrentCourse.m in Sources */,
				6A5E0CEF1EF1B25E00399EEC /* OSTEventSelectionViewController.m in Sources */,
				6A5E0CF01EF1B25E00399EEC /* OSTNetworkManager.m in Sources */,
				6A11A0551EF2CAF800D6D2CA /* OSTRightMenuViewController.m in Sources */,
				6A11A0631EF2CB4000D6D2CA /* OSTEditEntryViewController.m in Sources */,
				6A11A0731EF372DE00D6D2CA /* _CourseSplits.m in Sources */,
				6A5E0CF11EF1B25E00399EEC /* OSTDataModel.xcdatamodeld in Sources */,
				6A5E0CF21EF1B25E00399EEC /* EventModel.m in Sources */,
				6A11A0751EF372DE00D6D2CA /* CourseSplits.m in Sources */,
				6A11A05C1EF2CB0D00D6D2CA /* OSTReviewSubmitViewController.m in Sources */,
				6A5E0CF31EF1B25E00399EEC /* OSTLoginViewController.m in Sources */,
				6A41AE0C1EF8D71500C9F834 /* UIView+Additions.m in Sources */,
				6A5E0CF41EF1B25E00399EEC /* _EntryModel.m in Sources */,
				6A5E0CF51EF1B25E00399EEC /* OSTRunnerTrackerViewController.m in Sources */,
				6A5E0CF61EF1B25E00399EEC /* EntryModel.m in Sources */,
				6A5E0CF71EF1B25E00399EEC /* _EventModel.m in Sources */,
				6A5E0CF81EF1B25E00399EEC /* OSTNetworkManager+Login.m in Sources */,
				6A11A0791EF3809B00D6D2CA /* OSTNetworkManager+Entries.m in Sources */,
				6A5E0CF91EF1B25E00399EEC /* AppDelegate.m in Sources */,
				6A2F2D711EF1C49A007CA921 /* OSTSessionManager.m in Sources */,
				6A5E0CFA1EF1B25E00399EEC /* OSTNetworkManager+Events.m in Sources */,
				6A41ADFE1EF7F2BF00C9F834 /* _EffortModel.m in Sources */,
				6A11A06D1EF2CE5C00D6D2CA /* CurrentCourse.m in Sources */,
				6A5E0CFB1EF1B25E00399EEC /* main.m in Sources */,
				6A41AE001EF7F2BF00C9F834 /* EffortModel.m in Sources */,
			);
			runOnlyForDeploymentPostprocessing = 0;
		};
		6AEFFC011EEF83DA009EEE21 /* Sources */ = {
			isa = PBXSourcesBuildPhase;
			buildActionMask = 2147483647;
			files = (
				6A41AE071EF8B59D00C9F834 /* OSTReviewTableViewCell.m in Sources */,
				6A11A06C1EF2CE5C00D6D2CA /* _CurrentCourse.m in Sources */,
				6A549E551EEF881C00783F80 /* OSTEventSelectionViewController.m in Sources */,
				6A549E5A1EEF8A5E00783F80 /* OSTNetworkManager.m in Sources */,
				6A11A0561EF2CAF800D6D2CA /* OSTRightMenuViewController.m in Sources */,
				6A11A0641EF2CB4000D6D2CA /* OSTEditEntryViewController.m in Sources */,
				6A11A0741EF372DE00D6D2CA /* _CourseSplits.m in Sources */,
				6A549E4C1EEF866F00783F80 /* OSTDataModel.xcdatamodeld in Sources */,
				6AA6E9E51EF0E7D70061EEB0 /* EventModel.m in Sources */,
				6A11A0761EF372DE00D6D2CA /* CourseSplits.m in Sources */,
				6A11A05D1EF2CB0D00D6D2CA /* OSTReviewSubmitViewController.m in Sources */,
				6A549E501EEF86B900783F80 /* OSTLoginViewController.m in Sources */,
				6A41AE0D1EF8D71500C9F834 /* UIView+Additions.m in Sources */,
				6AA6E9E21EF0E7D70061EEB0 /* _EntryModel.m in Sources */,
				6AA6E9CE1EF02CAB0061EEB0 /* OSTRunnerTrackerViewController.m in Sources */,
				6AA6E9E41EF0E7D70061EEB0 /* EntryModel.m in Sources */,
				6AA6E9E31EF0E7D70061EEB0 /* _EventModel.m in Sources */,
				6A056B691EEF9608004E0B45 /* OSTNetworkManager+Login.m in Sources */,
				6A11A07A1EF3809B00D6D2CA /* OSTNetworkManager+Entries.m in Sources */,
				6AEFFC0D1EEF83DA009EEE21 /* AppDelegate.m in Sources */,
				6A2F2D721EF1C49A007CA921 /* OSTSessionManager.m in Sources */,
				6AA6E9D21EF0DF320061EEB0 /* OSTNetworkManager+Events.m in Sources */,
				6A41ADFF1EF7F2BF00C9F834 /* _EffortModel.m in Sources */,
				6A11A06E1EF2CE5C00D6D2CA /* CurrentCourse.m in Sources */,
				6AEFFC0A1EEF83DA009EEE21 /* main.m in Sources */,
				6A41AE011EF7F2BF00C9F834 /* EffortModel.m in Sources */,
			);
			runOnlyForDeploymentPostprocessing = 0;
		};
		6AEFFC1A1EEF83DA009EEE21 /* Sources */ = {
			isa = PBXSourcesBuildPhase;
			buildActionMask = 2147483647;
			files = (
				6AEFFC231EEF83DA009EEE21 /* OST_TrackerTests.m in Sources */,
			);
			runOnlyForDeploymentPostprocessing = 0;
		};
/* End PBXSourcesBuildPhase section */

/* Begin PBXTargetDependency section */
		6AEFFC201EEF83DA009EEE21 /* PBXTargetDependency */ = {
			isa = PBXTargetDependency;
			target = 6AEFFC041EEF83DA009EEE21 /* OST Remote Dev */;
			targetProxy = 6AEFFC1F1EEF83DA009EEE21 /* PBXContainerItemProxy */;
		};
/* End PBXTargetDependency section */

/* Begin PBXVariantGroup section */
		6AEFFC161EEF83DA009EEE21 /* LaunchScreen.storyboard */ = {
			isa = PBXVariantGroup;
			children = (
				6AEFFC171EEF83DA009EEE21 /* Base */,
			);
			name = LaunchScreen.storyboard;
			sourceTree = "<group>";
		};
/* End PBXVariantGroup section */

/* Begin XCBuildConfiguration section */
		6A5E0D071EF1B25E00399EEC /* Debug */ = {
			isa = XCBuildConfiguration;
			baseConfigurationReference = 579586310034B8FBCFE130B5 /* Pods-OST Remote.debug.xcconfig */;
			buildSettings = {
				ALWAYS_EMBED_SWIFT_STANDARD_LIBRARIES = YES;
				ALWAYS_SEARCH_USER_PATHS = NO;
				ASSETCATALOG_COMPILER_APPICON_NAME = AppIcon;
				BACKEND_URL = "https://opensplittime.org/api/v1/";
				DEVELOPMENT_TEAM = MEL2GJ9CJX;
				FRAMEWORK_SEARCH_PATHS = (
					"$(inherited)",
					"\"$PODS_CONFIGURATION_BUILD_DIR/AFNetworking\"",
					"\"$PODS_CONFIGURATION_BUILD_DIR/FXKeychain\"",
					"\"$PODS_CONFIGURATION_BUILD_DIR/JTObjectMapping\"",
					"\"$PODS_CONFIGURATION_BUILD_DIR/MagicalRecord\"",
					"\"$PODS_CONFIGURATION_BUILD_DIR/NSDate+Helper\"",
					"\"$PODS_CONFIGURATION_BUILD_DIR/OHAlertView\"",
					"\"$PODS_CONFIGURATION_BUILD_DIR/Reachability\"",
					"\"${PODS_ROOT}/Crashlytics/iOS\"",
					"\"${PODS_ROOT}/Fabric/iOS\"",
				);
				GCC_PRECOMPILE_PREFIX_HEADER = NO;
				HEADER_SEARCH_PATHS = (
					"$(inherited)",
					"\"${PODS_ROOT}/Headers/Public\"",
					"\"${PODS_ROOT}/Headers/Public/Crashlytics\"",
					"\"${PODS_ROOT}/Headers/Public/Fabric\"",
				);
				INFOPLIST_FILE = "OST Tracker/Info.plist";
				LD_RUNPATH_SEARCH_PATHS = "$(inherited) @executable_path/Frameworks";
				PRODUCT_BUNDLE_IDENTIFIER = "com.OST.OST-Remote";
				PRODUCT_NAME = "$(TARGET_NAME)";
				SWIFT_VERSION = 3.0;
			};
			name = Debug;
		};
		6A5E0D081EF1B25E00399EEC /* Release */ = {
			isa = XCBuildConfiguration;
			baseConfigurationReference = 4CF7A6D57F36DAB573148C1B /* Pods-OST Remote.release.xcconfig */;
			buildSettings = {
				ALWAYS_EMBED_SWIFT_STANDARD_LIBRARIES = YES;
				ALWAYS_SEARCH_USER_PATHS = NO;
				ASSETCATALOG_COMPILER_APPICON_NAME = AppIcon;
				BACKEND_URL = "https://opensplittime.org/api/v1/";
				DEVELOPMENT_TEAM = MEL2GJ9CJX;
				FRAMEWORK_SEARCH_PATHS = (
					"$(inherited)",
					"\"$PODS_CONFIGURATION_BUILD_DIR/AFNetworking\"",
					"\"$PODS_CONFIGURATION_BUILD_DIR/FXKeychain\"",
					"\"$PODS_CONFIGURATION_BUILD_DIR/JTObjectMapping\"",
					"\"$PODS_CONFIGURATION_BUILD_DIR/MagicalRecord\"",
					"\"$PODS_CONFIGURATION_BUILD_DIR/NSDate+Helper\"",
					"\"$PODS_CONFIGURATION_BUILD_DIR/OHAlertView\"",
					"\"$PODS_CONFIGURATION_BUILD_DIR/Reachability\"",
					"\"${PODS_ROOT}/Crashlytics/iOS\"",
					"\"${PODS_ROOT}/Fabric/iOS\"",
				);
				GCC_PRECOMPILE_PREFIX_HEADER = NO;
				HEADER_SEARCH_PATHS = (
					"$(inherited)",
					"\"${PODS_ROOT}/Headers/Public\"",
					"\"${PODS_ROOT}/Headers/Public/Crashlytics\"",
					"\"${PODS_ROOT}/Headers/Public/Fabric\"",
				);
				INFOPLIST_FILE = "OST Tracker/Info.plist";
				LD_RUNPATH_SEARCH_PATHS = "$(inherited) @executable_path/Frameworks";
				PRODUCT_BUNDLE_IDENTIFIER = "com.OST.OST-Remote";
				PRODUCT_NAME = "$(TARGET_NAME)";
				SWIFT_VERSION = 3.0;
			};
			name = Release;
		};
		6AA6E9D51EF0E4C70061EEB0 /* Debug */ = {
			isa = XCBuildConfiguration;
			buildSettings = {
				PRODUCT_NAME = "$(TARGET_NAME)";
			};
			name = Debug;
		};
		6AA6E9D61EF0E4C70061EEB0 /* Release */ = {
			isa = XCBuildConfiguration;
			buildSettings = {
				PRODUCT_NAME = "$(TARGET_NAME)";
			};
			name = Release;
		};
		6AEFFC251EEF83DA009EEE21 /* Debug */ = {
			isa = XCBuildConfiguration;
			buildSettings = {
				ALWAYS_SEARCH_USER_PATHS = NO;
				CLANG_ANALYZER_NONNULL = YES;
				CLANG_ANALYZER_NUMBER_OBJECT_CONVERSION = YES_AGGRESSIVE;
				CLANG_CXX_LANGUAGE_STANDARD = "gnu++0x";
				CLANG_CXX_LIBRARY = "libc++";
				CLANG_ENABLE_MODULES = YES;
				CLANG_ENABLE_OBJC_ARC = YES;
				CLANG_WARN_BOOL_CONVERSION = YES;
				CLANG_WARN_CONSTANT_CONVERSION = YES;
				CLANG_WARN_DIRECT_OBJC_ISA_USAGE = YES_ERROR;
				CLANG_WARN_DOCUMENTATION_COMMENTS = YES;
				CLANG_WARN_EMPTY_BODY = YES;
				CLANG_WARN_ENUM_CONVERSION = YES;
				CLANG_WARN_INFINITE_RECURSION = YES;
				CLANG_WARN_INT_CONVERSION = YES;
				CLANG_WARN_OBJC_ROOT_CLASS = YES_ERROR;
				CLANG_WARN_SUSPICIOUS_MOVE = YES;
				CLANG_WARN_UNREACHABLE_CODE = YES;
				CLANG_WARN__DUPLICATE_METHOD_MATCH = YES;
				"CODE_SIGN_IDENTITY[sdk=iphoneos*]" = "iPhone Developer";
				COPY_PHASE_STRIP = NO;
				DEBUG_INFORMATION_FORMAT = dwarf;
				ENABLE_STRICT_OBJC_MSGSEND = YES;
				ENABLE_TESTABILITY = YES;
				GCC_C_LANGUAGE_STANDARD = gnu99;
				GCC_DYNAMIC_NO_PIC = NO;
				GCC_NO_COMMON_BLOCKS = YES;
				GCC_OPTIMIZATION_LEVEL = 0;
				GCC_PREFIX_HEADER = "OST Tracker/PrefixHeader.pch";
				GCC_PREPROCESSOR_DEFINITIONS = (
					"DEBUG=1",
					"$(inherited)",
				);
				GCC_WARN_64_TO_32_BIT_CONVERSION = YES;
				GCC_WARN_ABOUT_RETURN_TYPE = YES_ERROR;
				GCC_WARN_UNDECLARED_SELECTOR = YES;
				GCC_WARN_UNINITIALIZED_AUTOS = YES_AGGRESSIVE;
				GCC_WARN_UNUSED_FUNCTION = YES;
				GCC_WARN_UNUSED_VARIABLE = YES;
				IPHONEOS_DEPLOYMENT_TARGET = 10.3;
				MTL_ENABLE_DEBUG_INFO = YES;
				ONLY_ACTIVE_ARCH = YES;
				SDKROOT = iphoneos;
				TARGETED_DEVICE_FAMILY = "1,2";
			};
			name = Debug;
		};
		6AEFFC261EEF83DA009EEE21 /* Release */ = {
			isa = XCBuildConfiguration;
			buildSettings = {
				ALWAYS_SEARCH_USER_PATHS = NO;
				CLANG_ANALYZER_NONNULL = YES;
				CLANG_ANALYZER_NUMBER_OBJECT_CONVERSION = YES_AGGRESSIVE;
				CLANG_CXX_LANGUAGE_STANDARD = "gnu++0x";
				CLANG_CXX_LIBRARY = "libc++";
				CLANG_ENABLE_MODULES = YES;
				CLANG_ENABLE_OBJC_ARC = YES;
				CLANG_WARN_BOOL_CONVERSION = YES;
				CLANG_WARN_CONSTANT_CONVERSION = YES;
				CLANG_WARN_DIRECT_OBJC_ISA_USAGE = YES_ERROR;
				CLANG_WARN_DOCUMENTATION_COMMENTS = YES;
				CLANG_WARN_EMPTY_BODY = YES;
				CLANG_WARN_ENUM_CONVERSION = YES;
				CLANG_WARN_INFINITE_RECURSION = YES;
				CLANG_WARN_INT_CONVERSION = YES;
				CLANG_WARN_OBJC_ROOT_CLASS = YES_ERROR;
				CLANG_WARN_SUSPICIOUS_MOVE = YES;
				CLANG_WARN_UNREACHABLE_CODE = YES;
				CLANG_WARN__DUPLICATE_METHOD_MATCH = YES;
				"CODE_SIGN_IDENTITY[sdk=iphoneos*]" = "iPhone Developer";
				COPY_PHASE_STRIP = NO;
				DEBUG_INFORMATION_FORMAT = "dwarf-with-dsym";
				ENABLE_NS_ASSERTIONS = NO;
				ENABLE_STRICT_OBJC_MSGSEND = YES;
				GCC_C_LANGUAGE_STANDARD = gnu99;
				GCC_NO_COMMON_BLOCKS = YES;
				GCC_PREFIX_HEADER = "OST Tracker/PrefixHeader.pch";
				GCC_WARN_64_TO_32_BIT_CONVERSION = YES;
				GCC_WARN_ABOUT_RETURN_TYPE = YES_ERROR;
				GCC_WARN_UNDECLARED_SELECTOR = YES;
				GCC_WARN_UNINITIALIZED_AUTOS = YES_AGGRESSIVE;
				GCC_WARN_UNUSED_FUNCTION = YES;
				GCC_WARN_UNUSED_VARIABLE = YES;
				IPHONEOS_DEPLOYMENT_TARGET = 10.3;
				MTL_ENABLE_DEBUG_INFO = NO;
				SDKROOT = iphoneos;
				TARGETED_DEVICE_FAMILY = "1,2";
				VALIDATE_PRODUCT = YES;
			};
			name = Release;
		};
		6AEFFC281EEF83DA009EEE21 /* Debug */ = {
			isa = XCBuildConfiguration;
			baseConfigurationReference = A0E751E4ADA6FD2038FFD486 /* Pods-OST Remote Dev.debug.xcconfig */;
			buildSettings = {
				ALWAYS_EMBED_SWIFT_STANDARD_LIBRARIES = YES;
				ALWAYS_SEARCH_USER_PATHS = NO;
				ASSETCATALOG_COMPILER_APPICON_NAME = AppIcon;
				BACKEND_URL = "https://ost-stage.herokuapp.com/api/v1/";
				"CODE_SIGN_IDENTITY[sdk=iphoneos*]" = "iPhone Developer";
				DEVELOPMENT_TEAM = "";
				FRAMEWORK_SEARCH_PATHS = (
					"$(inherited)",
					"\"$PODS_CONFIGURATION_BUILD_DIR/AFNetworking\"",
					"\"$PODS_CONFIGURATION_BUILD_DIR/FXKeychain\"",
					"\"$PODS_CONFIGURATION_BUILD_DIR/JTObjectMapping\"",
					"\"$PODS_CONFIGURATION_BUILD_DIR/MagicalRecord\"",
					"\"$PODS_CONFIGURATION_BUILD_DIR/NSDate+Helper\"",
					"\"$PODS_CONFIGURATION_BUILD_DIR/OHAlertView\"",
					"\"$PODS_CONFIGURATION_BUILD_DIR/Reachability\"",
					"\"${PODS_ROOT}/Crashlytics/iOS\"",
					"\"${PODS_ROOT}/Fabric/iOS\"",
				);
				GCC_PRECOMPILE_PREFIX_HEADER = NO;
				HEADER_SEARCH_PATHS = (
					"$(inherited)",
					"\"${PODS_ROOT}/Headers/Public\"",
					"\"${PODS_ROOT}/Headers/Public/Crashlytics\"",
					"\"${PODS_ROOT}/Headers/Public/Fabric\"",
				);
				INFOPLIST_FILE = "OST Tracker/Info.plist";
				LD_RUNPATH_SEARCH_PATHS = "$(inherited) @executable_path/Frameworks";
				PRODUCT_BUNDLE_IDENTIFIER = "com.OST.OST-Remote.dev";
				PRODUCT_NAME = "$(TARGET_NAME)";
				PROVISIONING_PROFILE = "";
				PROVISIONING_PROFILE_SPECIFIER = "";
				SWIFT_VERSION = 3.0;
			};
			name = Debug;
		};
		6AEFFC291EEF83DA009EEE21 /* Release */ = {
			isa = XCBuildConfiguration;
			baseConfigurationReference = EC360162C7A38DB3DF8C3D44 /* Pods-OST Remote Dev.release.xcconfig */;
			buildSettings = {
				ALWAYS_EMBED_SWIFT_STANDARD_LIBRARIES = YES;
				ALWAYS_SEARCH_USER_PATHS = NO;
				ASSETCATALOG_COMPILER_APPICON_NAME = AppIcon;
				BACKEND_URL = "https://ost-stage.herokuapp.com/api/v1/";
				"CODE_SIGN_IDENTITY[sdk=iphoneos*]" = "iPhone Developer";
				DEVELOPMENT_TEAM = "";
				FRAMEWORK_SEARCH_PATHS = (
					"$(inherited)",
					"\"$PODS_CONFIGURATION_BUILD_DIR/AFNetworking\"",
					"\"$PODS_CONFIGURATION_BUILD_DIR/FXKeychain\"",
					"\"$PODS_CONFIGURATION_BUILD_DIR/JTObjectMapping\"",
					"\"$PODS_CONFIGURATION_BUILD_DIR/MagicalRecord\"",
					"\"$PODS_CONFIGURATION_BUILD_DIR/NSDate+Helper\"",
					"\"$PODS_CONFIGURATION_BUILD_DIR/OHAlertView\"",
					"\"$PODS_CONFIGURATION_BUILD_DIR/Reachability\"",
					"\"${PODS_ROOT}/Crashlytics/iOS\"",
					"\"${PODS_ROOT}/Fabric/iOS\"",
				);
				GCC_PRECOMPILE_PREFIX_HEADER = NO;
				HEADER_SEARCH_PATHS = (
					"$(inherited)",
					"\"${PODS_ROOT}/Headers/Public\"",
					"\"${PODS_ROOT}/Headers/Public/Crashlytics\"",
					"\"${PODS_ROOT}/Headers/Public/Fabric\"",
				);
				INFOPLIST_FILE = "OST Tracker/Info.plist";
				LD_RUNPATH_SEARCH_PATHS = "$(inherited) @executable_path/Frameworks";
				PRODUCT_BUNDLE_IDENTIFIER = "com.OST.OST-Remote.dev";
				PRODUCT_NAME = "$(TARGET_NAME)";
				PROVISIONING_PROFILE = "";
				PROVISIONING_PROFILE_SPECIFIER = "";
				SWIFT_VERSION = 3.0;
			};
			name = Release;
		};
		6AEFFC2B1EEF83DA009EEE21 /* Debug */ = {
			isa = XCBuildConfiguration;
			baseConfigurationReference = 427692031F92F5E88F95FFF3 /* Pods-OST TrackerTests.debug.xcconfig */;
			buildSettings = {
				BUNDLE_LOADER = "$(TEST_HOST)";
				INFOPLIST_FILE = "OST TrackerTests/Info.plist";
				LD_RUNPATH_SEARCH_PATHS = "$(inherited) @executable_path/Frameworks @loader_path/Frameworks";
				PRODUCT_BUNDLE_IDENTIFIER = "HA.OST-TrackerTests";
				PRODUCT_NAME = "$(TARGET_NAME)";
				TEST_HOST = "$(BUILT_PRODUCTS_DIR)/OST Tracker.app/OST Tracker";
			};
			name = Debug;
		};
		6AEFFC2C1EEF83DA009EEE21 /* Release */ = {
			isa = XCBuildConfiguration;
			baseConfigurationReference = AB77EAFA7F49A4F7CE36D115 /* Pods-OST TrackerTests.release.xcconfig */;
			buildSettings = {
				BUNDLE_LOADER = "$(TEST_HOST)";
				INFOPLIST_FILE = "OST TrackerTests/Info.plist";
				LD_RUNPATH_SEARCH_PATHS = "$(inherited) @executable_path/Frameworks @loader_path/Frameworks";
				PRODUCT_BUNDLE_IDENTIFIER = "HA.OST-TrackerTests";
				PRODUCT_NAME = "$(TARGET_NAME)";
				TEST_HOST = "$(BUILT_PRODUCTS_DIR)/OST Tracker.app/OST Tracker";
			};
			name = Release;
		};
/* End XCBuildConfiguration section */

/* Begin XCConfigurationList section */
		6A5E0D061EF1B25E00399EEC /* Build configuration list for PBXNativeTarget "OST Remote" */ = {
			isa = XCConfigurationList;
			buildConfigurations = (
				6A5E0D071EF1B25E00399EEC /* Debug */,
				6A5E0D081EF1B25E00399EEC /* Release */,
			);
			defaultConfigurationIsVisible = 0;
			defaultConfigurationName = Release;
		};
		6AA6E9D41EF0E4C70061EEB0 /* Build configuration list for PBXAggregateTarget "Mogenerator" */ = {
			isa = XCConfigurationList;
			buildConfigurations = (
				6AA6E9D51EF0E4C70061EEB0 /* Debug */,
				6AA6E9D61EF0E4C70061EEB0 /* Release */,
			);
			defaultConfigurationIsVisible = 0;
			defaultConfigurationName = Release;
		};
		6AEFFC001EEF83DA009EEE21 /* Build configuration list for PBXProject "OST Tracker" */ = {
			isa = XCConfigurationList;
			buildConfigurations = (
				6AEFFC251EEF83DA009EEE21 /* Debug */,
				6AEFFC261EEF83DA009EEE21 /* Release */,
			);
			defaultConfigurationIsVisible = 0;
			defaultConfigurationName = Release;
		};
		6AEFFC271EEF83DA009EEE21 /* Build configuration list for PBXNativeTarget "OST Remote Dev" */ = {
			isa = XCConfigurationList;
			buildConfigurations = (
				6AEFFC281EEF83DA009EEE21 /* Debug */,
				6AEFFC291EEF83DA009EEE21 /* Release */,
			);
			defaultConfigurationIsVisible = 0;
			defaultConfigurationName = Release;
		};
		6AEFFC2A1EEF83DA009EEE21 /* Build configuration list for PBXNativeTarget "OST TrackerTests" */ = {
			isa = XCConfigurationList;
			buildConfigurations = (
				6AEFFC2B1EEF83DA009EEE21 /* Debug */,
				6AEFFC2C1EEF83DA009EEE21 /* Release */,
			);
			defaultConfigurationIsVisible = 0;
			defaultConfigurationName = Release;
		};
/* End XCConfigurationList section */

/* Begin XCVersionGroup section */
		6A549E4A1EEF866F00783F80 /* OSTDataModel.xcdatamodeld */ = {
			isa = XCVersionGroup;
			children = (
				6A549E4B1EEF866F00783F80 /* OSTDataModel.xcdatamodel */,
			);
			currentVersion = 6A549E4B1EEF866F00783F80 /* OSTDataModel.xcdatamodel */;
			path = OSTDataModel.xcdatamodeld;
			sourceTree = "<group>";
			versionGroupType = wrapper.xcdatamodel;
		};
/* End XCVersionGroup section */
	};
	rootObject = 6AEFFBFD1EEF83DA009EEE21 /* Project object */;
}
