// !$*UTF8*$!
{
	archiveVersion = 1;
	classes = {
	};
	objectVersion = 46;
	objects = {

/* Begin PBXBuildFile section */
		5AD831746D7DE94ECBB7CB5A /* Pods_OST_Tracker.framework in Frameworks */ = {isa = PBXBuildFile; fileRef = 3D0D6AD5526D0018AF27F4C4 /* Pods_OST_Tracker.framework */; };
		6A056B691EEF9608004E0B45 /* OSTNetworkManager+Login.m in Sources */ = {isa = PBXBuildFile; fileRef = 6A056B681EEF9608004E0B45 /* OSTNetworkManager+Login.m */; };
		6A549E4C1EEF866F00783F80 /* OSTDataModel.xcdatamodeld in Sources */ = {isa = PBXBuildFile; fileRef = 6A549E4A1EEF866F00783F80 /* OSTDataModel.xcdatamodeld */; };
		6A549E501EEF86B900783F80 /* OSTLoginViewController.m in Sources */ = {isa = PBXBuildFile; fileRef = 6A549E4E1EEF86B900783F80 /* OSTLoginViewController.m */; };
		6A549E511EEF86B900783F80 /* OSTLoginViewController.xib in Resources */ = {isa = PBXBuildFile; fileRef = 6A549E4F1EEF86B900783F80 /* OSTLoginViewController.xib */; };
		6A549E551EEF881C00783F80 /* OSTEventSelectionViewController.m in Sources */ = {isa = PBXBuildFile; fileRef = 6A549E531EEF881C00783F80 /* OSTEventSelectionViewController.m */; };
		6A549E561EEF881C00783F80 /* OSTEventSelectionViewController.xib in Resources */ = {isa = PBXBuildFile; fileRef = 6A549E541EEF881C00783F80 /* OSTEventSelectionViewController.xib */; };
		6A549E5A1EEF8A5E00783F80 /* OSTNetworkManager.m in Sources */ = {isa = PBXBuildFile; fileRef = 6A549E591EEF8A5E00783F80 /* OSTNetworkManager.m */; };
		6AEFFC0A1EEF83DA009EEE21 /* main.m in Sources */ = {isa = PBXBuildFile; fileRef = 6AEFFC091EEF83DA009EEE21 /* main.m */; };
		6AEFFC0D1EEF83DA009EEE21 /* AppDelegate.m in Sources */ = {isa = PBXBuildFile; fileRef = 6AEFFC0C1EEF83DA009EEE21 /* AppDelegate.m */; };
		6AEFFC151EEF83DA009EEE21 /* Assets.xcassets in Resources */ = {isa = PBXBuildFile; fileRef = 6AEFFC141EEF83DA009EEE21 /* Assets.xcassets */; };
		6AEFFC181EEF83DA009EEE21 /* LaunchScreen.storyboard in Resources */ = {isa = PBXBuildFile; fileRef = 6AEFFC161EEF83DA009EEE21 /* LaunchScreen.storyboard */; };
		6AEFFC231EEF83DA009EEE21 /* OST_TrackerTests.m in Sources */ = {isa = PBXBuildFile; fileRef = 6AEFFC221EEF83DA009EEE21 /* OST_TrackerTests.m */; };
		6F973D9A74959634619649C9 /* Pods_OST_TrackerTests.framework in Frameworks */ = {isa = PBXBuildFile; fileRef = DE3FD42F24001103B185480A /* Pods_OST_TrackerTests.framework */; };
/* End PBXBuildFile section */

/* Begin PBXContainerItemProxy section */
		6AEFFC1F1EEF83DA009EEE21 /* PBXContainerItemProxy */ = {
			isa = PBXContainerItemProxy;
			containerPortal = 6AEFFBFD1EEF83DA009EEE21 /* Project object */;
			proxyType = 1;
			remoteGlobalIDString = 6AEFFC041EEF83DA009EEE21;
			remoteInfo = "OST Tracker";
		};
/* End PBXContainerItemProxy section */

/* Begin PBXFileReference section */
		054C4C7C5D571C9B25F73CDA /* Pods-OST Tracker.debug.xcconfig */ = {isa = PBXFileReference; includeInIndex = 1; lastKnownFileType = text.xcconfig; name = "Pods-OST Tracker.debug.xcconfig"; path = "Pods/Target Support Files/Pods-OST Tracker/Pods-OST Tracker.debug.xcconfig"; sourceTree = "<group>"; };
		3D0D6AD5526D0018AF27F4C4 /* Pods_OST_Tracker.framework */ = {isa = PBXFileReference; explicitFileType = wrapper.framework; includeInIndex = 0; path = Pods_OST_Tracker.framework; sourceTree = BUILT_PRODUCTS_DIR; };
		427692031F92F5E88F95FFF3 /* Pods-OST TrackerTests.debug.xcconfig */ = {isa = PBXFileReference; includeInIndex = 1; lastKnownFileType = text.xcconfig; name = "Pods-OST TrackerTests.debug.xcconfig"; path = "Pods/Target Support Files/Pods-OST TrackerTests/Pods-OST TrackerTests.debug.xcconfig"; sourceTree = "<group>"; };
		6A056B671EEF9608004E0B45 /* OSTNetworkManager+Login.h */ = {isa = PBXFileReference; fileEncoding = 4; lastKnownFileType = sourcecode.c.h; path = "OSTNetworkManager+Login.h"; sourceTree = "<group>"; };
		6A056B681EEF9608004E0B45 /* OSTNetworkManager+Login.m */ = {isa = PBXFileReference; fileEncoding = 4; lastKnownFileType = sourcecode.c.objc; path = "OSTNetworkManager+Login.m"; sourceTree = "<group>"; };
		6A549E4B1EEF866F00783F80 /* OSTDataModel.xcdatamodel */ = {isa = PBXFileReference; lastKnownFileType = wrapper.xcdatamodel; path = OSTDataModel.xcdatamodel; sourceTree = "<group>"; };
		6A549E4D1EEF86B900783F80 /* OSTLoginViewController.h */ = {isa = PBXFileReference; fileEncoding = 4; lastKnownFileType = sourcecode.c.h; path = OSTLoginViewController.h; sourceTree = "<group>"; };
		6A549E4E1EEF86B900783F80 /* OSTLoginViewController.m */ = {isa = PBXFileReference; fileEncoding = 4; lastKnownFileType = sourcecode.c.objc; path = OSTLoginViewController.m; sourceTree = "<group>"; };
		6A549E4F1EEF86B900783F80 /* OSTLoginViewController.xib */ = {isa = PBXFileReference; fileEncoding = 4; lastKnownFileType = file.xib; path = OSTLoginViewController.xib; sourceTree = "<group>"; };
		6A549E521EEF881C00783F80 /* OSTEventSelectionViewController.h */ = {isa = PBXFileReference; fileEncoding = 4; lastKnownFileType = sourcecode.c.h; path = OSTEventSelectionViewController.h; sourceTree = "<group>"; };
		6A549E531EEF881C00783F80 /* OSTEventSelectionViewController.m */ = {isa = PBXFileReference; fileEncoding = 4; lastKnownFileType = sourcecode.c.objc; path = OSTEventSelectionViewController.m; sourceTree = "<group>"; };
		6A549E541EEF881C00783F80 /* OSTEventSelectionViewController.xib */ = {isa = PBXFileReference; fileEncoding = 4; lastKnownFileType = file.xib; path = OSTEventSelectionViewController.xib; sourceTree = "<group>"; };
		6A549E581EEF8A5E00783F80 /* OSTNetworkManager.h */ = {isa = PBXFileReference; fileEncoding = 4; lastKnownFileType = sourcecode.c.h; path = OSTNetworkManager.h; sourceTree = "<group>"; };
		6A549E591EEF8A5E00783F80 /* OSTNetworkManager.m */ = {isa = PBXFileReference; fileEncoding = 4; lastKnownFileType = sourcecode.c.objc; path = OSTNetworkManager.m; sourceTree = "<group>"; };
		6A549E5B1EEF8B4100783F80 /* PrefixHeader.pch */ = {isa = PBXFileReference; fileEncoding = 4; lastKnownFileType = sourcecode.c.h; path = PrefixHeader.pch; sourceTree = "<group>"; };
		6A549E5C1EEF8B9400783F80 /* OSTConstants.h */ = {isa = PBXFileReference; fileEncoding = 4; lastKnownFileType = sourcecode.c.h; path = OSTConstants.h; sourceTree = "<group>"; };
		6AEFFC051EEF83DA009EEE21 /* OST Tracker.app */ = {isa = PBXFileReference; explicitFileType = wrapper.application; includeInIndex = 0; path = "OST Tracker.app"; sourceTree = BUILT_PRODUCTS_DIR; };
		6AEFFC091EEF83DA009EEE21 /* main.m */ = {isa = PBXFileReference; lastKnownFileType = sourcecode.c.objc; path = main.m; sourceTree = "<group>"; };
		6AEFFC0B1EEF83DA009EEE21 /* AppDelegate.h */ = {isa = PBXFileReference; lastKnownFileType = sourcecode.c.h; path = AppDelegate.h; sourceTree = "<group>"; };
		6AEFFC0C1EEF83DA009EEE21 /* AppDelegate.m */ = {isa = PBXFileReference; lastKnownFileType = sourcecode.c.objc; path = AppDelegate.m; sourceTree = "<group>"; };
		6AEFFC141EEF83DA009EEE21 /* Assets.xcassets */ = {isa = PBXFileReference; lastKnownFileType = folder.assetcatalog; path = Assets.xcassets; sourceTree = "<group>"; };
		6AEFFC171EEF83DA009EEE21 /* Base */ = {isa = PBXFileReference; lastKnownFileType = file.storyboard; name = Base; path = Base.lproj/LaunchScreen.storyboard; sourceTree = "<group>"; };
		6AEFFC191EEF83DA009EEE21 /* Info.plist */ = {isa = PBXFileReference; lastKnownFileType = text.plist.xml; path = Info.plist; sourceTree = "<group>"; };
		6AEFFC1E1EEF83DA009EEE21 /* OST TrackerTests.xctest */ = {isa = PBXFileReference; explicitFileType = wrapper.cfbundle; includeInIndex = 0; path = "OST TrackerTests.xctest"; sourceTree = BUILT_PRODUCTS_DIR; };
		6AEFFC221EEF83DA009EEE21 /* OST_TrackerTests.m */ = {isa = PBXFileReference; lastKnownFileType = sourcecode.c.objc; path = OST_TrackerTests.m; sourceTree = "<group>"; };
		6AEFFC241EEF83DA009EEE21 /* Info.plist */ = {isa = PBXFileReference; lastKnownFileType = text.plist.xml; path = Info.plist; sourceTree = "<group>"; };
		AB77EAFA7F49A4F7CE36D115 /* Pods-OST TrackerTests.release.xcconfig */ = {isa = PBXFileReference; includeInIndex = 1; lastKnownFileType = text.xcconfig; name = "Pods-OST TrackerTests.release.xcconfig"; path = "Pods/Target Support Files/Pods-OST TrackerTests/Pods-OST TrackerTests.release.xcconfig"; sourceTree = "<group>"; };
		B865E2170A517AF2561CC3EF /* Pods-OST Tracker.release.xcconfig */ = {isa = PBXFileReference; includeInIndex = 1; lastKnownFileType = text.xcconfig; name = "Pods-OST Tracker.release.xcconfig"; path = "Pods/Target Support Files/Pods-OST Tracker/Pods-OST Tracker.release.xcconfig"; sourceTree = "<group>"; };
		DE3FD42F24001103B185480A /* Pods_OST_TrackerTests.framework */ = {isa = PBXFileReference; explicitFileType = wrapper.framework; includeInIndex = 0; path = Pods_OST_TrackerTests.framework; sourceTree = BUILT_PRODUCTS_DIR; };
/* End PBXFileReference section */

/* Begin PBXFrameworksBuildPhase section */
		6AEFFC021EEF83DA009EEE21 /* Frameworks */ = {
			isa = PBXFrameworksBuildPhase;
			buildActionMask = 2147483647;
			files = (
				5AD831746D7DE94ECBB7CB5A /* Pods_OST_Tracker.framework in Frameworks */,
			);
			runOnlyForDeploymentPostprocessing = 0;
		};
		6AEFFC1B1EEF83DA009EEE21 /* Frameworks */ = {
			isa = PBXFrameworksBuildPhase;
			buildActionMask = 2147483647;
			files = (
				6F973D9A74959634619649C9 /* Pods_OST_TrackerTests.framework in Frameworks */,
			);
			runOnlyForDeploymentPostprocessing = 0;
		};
/* End PBXFrameworksBuildPhase section */

/* Begin PBXGroup section */
		0DF73CC3B87086394F68562D /* Frameworks */ = {
			isa = PBXGroup;
			children = (
				3D0D6AD5526D0018AF27F4C4 /* Pods_OST_Tracker.framework */,
				DE3FD42F24001103B185480A /* Pods_OST_TrackerTests.framework */,
			);
			name = Frameworks;
			sourceTree = "<group>";
		};
		4B37AA18875D02B81B9F9A2B /* Pods */ = {
			isa = PBXGroup;
			children = (
				054C4C7C5D571C9B25F73CDA /* Pods-OST Tracker.debug.xcconfig */,
				B865E2170A517AF2561CC3EF /* Pods-OST Tracker.release.xcconfig */,
				427692031F92F5E88F95FFF3 /* Pods-OST TrackerTests.debug.xcconfig */,
				AB77EAFA7F49A4F7CE36D115 /* Pods-OST TrackerTests.release.xcconfig */,
			);
			name = Pods;
			sourceTree = "<group>";
		};
		6A549E471EEF865100783F80 /* DataBase */ = {
			isa = PBXGroup;
			children = (
				6A549E4A1EEF866F00783F80 /* OSTDataModel.xcdatamodeld */,
			);
			path = DataBase;
			sourceTree = "<group>";
		};
		6A549E481EEF865100783F80 /* DataModels */ = {
			isa = PBXGroup;
			children = (
			);
			path = DataModels;
			sourceTree = "<group>";
		};
		6A549E491EEF865100783F80 /* ViewControllers */ = {
			isa = PBXGroup;
			children = (
				6A549E4D1EEF86B900783F80 /* OSTLoginViewController.h */,
				6A549E4E1EEF86B900783F80 /* OSTLoginViewController.m */,
				6A549E4F1EEF86B900783F80 /* OSTLoginViewController.xib */,
				6A549E521EEF881C00783F80 /* OSTEventSelectionViewController.h */,
				6A549E531EEF881C00783F80 /* OSTEventSelectionViewController.m */,
				6A549E541EEF881C00783F80 /* OSTEventSelectionViewController.xib */,
			);
			path = ViewControllers;
			sourceTree = "<group>";
		};
		6A549E571EEF8A3E00783F80 /* Network */ = {
			isa = PBXGroup;
			children = (
				6A549E581EEF8A5E00783F80 /* OSTNetworkManager.h */,
				6A549E591EEF8A5E00783F80 /* OSTNetworkManager.m */,
				6A056B671EEF9608004E0B45 /* OSTNetworkManager+Login.h */,
				6A056B681EEF9608004E0B45 /* OSTNetworkManager+Login.m */,
			);
			path = Network;
			sourceTree = "<group>";
		};
		6AEFFBFC1EEF83DA009EEE21 = {
			isa = PBXGroup;
			children = (
				6AEFFC071EEF83DA009EEE21 /* OST Tracker */,
				6AEFFC211EEF83DA009EEE21 /* OST TrackerTests */,
				6AEFFC061EEF83DA009EEE21 /* Products */,
				4B37AA18875D02B81B9F9A2B /* Pods */,
				0DF73CC3B87086394F68562D /* Frameworks */,
			);
			sourceTree = "<group>";
		};
		6AEFFC061EEF83DA009EEE21 /* Products */ = {
			isa = PBXGroup;
			children = (
				6AEFFC051EEF83DA009EEE21 /* OST Tracker.app */,
				6AEFFC1E1EEF83DA009EEE21 /* OST TrackerTests.xctest */,
			);
			name = Products;
			sourceTree = "<group>";
		};
		6AEFFC071EEF83DA009EEE21 /* OST Tracker */ = {
			isa = PBXGroup;
			children = (
				6A549E571EEF8A3E00783F80 /* Network */,
				6A549E471EEF865100783F80 /* DataBase */,
				6A549E481EEF865100783F80 /* DataModels */,
				6A549E491EEF865100783F80 /* ViewControllers */,
				6AEFFC0B1EEF83DA009EEE21 /* AppDelegate.h */,
				6AEFFC0C1EEF83DA009EEE21 /* AppDelegate.m */,
				6AEFFC141EEF83DA009EEE21 /* Assets.xcassets */,
				6AEFFC161EEF83DA009EEE21 /* LaunchScreen.storyboard */,
				6AEFFC191EEF83DA009EEE21 /* Info.plist */,
				6A549E5B1EEF8B4100783F80 /* PrefixHeader.pch */,
				6A549E5C1EEF8B9400783F80 /* OSTConstants.h */,
				6AEFFC081EEF83DA009EEE21 /* Supporting Files */,
			);
			path = "OST Tracker";
			sourceTree = "<group>";
		};
		6AEFFC081EEF83DA009EEE21 /* Supporting Files */ = {
			isa = PBXGroup;
			children = (
				6AEFFC091EEF83DA009EEE21 /* main.m */,
			);
			name = "Supporting Files";
			sourceTree = "<group>";
		};
		6AEFFC211EEF83DA009EEE21 /* OST TrackerTests */ = {
			isa = PBXGroup;
			children = (
				6AEFFC221EEF83DA009EEE21 /* OST_TrackerTests.m */,
				6AEFFC241EEF83DA009EEE21 /* Info.plist */,
			);
			path = "OST TrackerTests";
			sourceTree = "<group>";
		};
/* End PBXGroup section */

/* Begin PBXNativeTarget section */
		6AEFFC041EEF83DA009EEE21 /* OST Tracker */ = {
			isa = PBXNativeTarget;
			buildConfigurationList = 6AEFFC271EEF83DA009EEE21 /* Build configuration list for PBXNativeTarget "OST Tracker" */;
			buildPhases = (
				1809B394149CDF9D2F9497CF /* [CP] Check Pods Manifest.lock */,
				6AEFFC011EEF83DA009EEE21 /* Sources */,
				6AEFFC021EEF83DA009EEE21 /* Frameworks */,
				6AEFFC031EEF83DA009EEE21 /* Resources */,
				7421FF7EABECE4DE01C9A1CF /* [CP] Embed Pods Frameworks */,
				2295FA4181504AF3AA0071DF /* [CP] Copy Pods Resources */,
			);
			buildRules = (
			);
			dependencies = (
			);
			name = "OST Tracker";
			productName = "OST Tracker";
			productReference = 6AEFFC051EEF83DA009EEE21 /* OST Tracker.app */;
			productType = "com.apple.product-type.application";
		};
		6AEFFC1D1EEF83DA009EEE21 /* OST TrackerTests */ = {
			isa = PBXNativeTarget;
			buildConfigurationList = 6AEFFC2A1EEF83DA009EEE21 /* Build configuration list for PBXNativeTarget "OST TrackerTests" */;
			buildPhases = (
				029F939C1E087B3BE333E3AE /* [CP] Check Pods Manifest.lock */,
				6AEFFC1A1EEF83DA009EEE21 /* Sources */,
				6AEFFC1B1EEF83DA009EEE21 /* Frameworks */,
				6AEFFC1C1EEF83DA009EEE21 /* Resources */,
				0D6228B41B66B329FB31FBFC /* [CP] Embed Pods Frameworks */,
				DC560F3F9F5D26CEFFD58E62 /* [CP] Copy Pods Resources */,
			);
			buildRules = (
			);
			dependencies = (
				6AEFFC201EEF83DA009EEE21 /* PBXTargetDependency */,
			);
			name = "OST TrackerTests";
			productName = "OST TrackerTests";
			productReference = 6AEFFC1E1EEF83DA009EEE21 /* OST TrackerTests.xctest */;
			productType = "com.apple.product-type.bundle.unit-test";
		};
/* End PBXNativeTarget section */

/* Begin PBXProject section */
		6AEFFBFD1EEF83DA009EEE21 /* Project object */ = {
			isa = PBXProject;
			attributes = {
				CLASSPREFIX = OST;
				LastUpgradeCheck = 0830;
				ORGANIZATIONNAME = OST;
				TargetAttributes = {
					6AEFFC041EEF83DA009EEE21 = {
						CreatedOnToolsVersion = 8.3.2;
						ProvisioningStyle = Automatic;
					};
					6AEFFC1D1EEF83DA009EEE21 = {
						CreatedOnToolsVersion = 8.3.2;
						ProvisioningStyle = Automatic;
						TestTargetID = 6AEFFC041EEF83DA009EEE21;
					};
				};
			};
			buildConfigurationList = 6AEFFC001EEF83DA009EEE21 /* Build configuration list for PBXProject "OST Tracker" */;
			compatibilityVersion = "Xcode 3.2";
			developmentRegion = English;
			hasScannedForEncodings = 0;
			knownRegions = (
				en,
				Base,
			);
			mainGroup = 6AEFFBFC1EEF83DA009EEE21;
			productRefGroup = 6AEFFC061EEF83DA009EEE21 /* Products */;
			projectDirPath = "";
			projectRoot = "";
			targets = (
				6AEFFC041EEF83DA009EEE21 /* OST Tracker */,
				6AEFFC1D1EEF83DA009EEE21 /* OST TrackerTests */,
			);
		};
/* End PBXProject section */

/* Begin PBXResourcesBuildPhase section */
		6AEFFC031EEF83DA009EEE21 /* Resources */ = {
			isa = PBXResourcesBuildPhase;
			buildActionMask = 2147483647;
			files = (
				6AEFFC181EEF83DA009EEE21 /* LaunchScreen.storyboard in Resources */,
				6A549E561EEF881C00783F80 /* OSTEventSelectionViewController.xib in Resources */,
				6AEFFC151EEF83DA009EEE21 /* Assets.xcassets in Resources */,
				6A549E511EEF86B900783F80 /* OSTLoginViewController.xib in Resources */,
			);
			runOnlyForDeploymentPostprocessing = 0;
		};
		6AEFFC1C1EEF83DA009EEE21 /* Resources */ = {
			isa = PBXResourcesBuildPhase;
			buildActionMask = 2147483647;
			files = (
			);
			runOnlyForDeploymentPostprocessing = 0;
		};
/* End PBXResourcesBuildPhase section */

/* Begin PBXShellScriptBuildPhase section */
		029F939C1E087B3BE333E3AE /* [CP] Check Pods Manifest.lock */ = {
			isa = PBXShellScriptBuildPhase;
			buildActionMask = 2147483647;
			files = (
			);
			inputPaths = (
			);
			name = "[CP] Check Pods Manifest.lock";
			outputPaths = (
			);
			runOnlyForDeploymentPostprocessing = 0;
			shellPath = /bin/sh;
			shellScript = "diff \"${PODS_PODFILE_DIR_PATH}/Podfile.lock\" \"${PODS_ROOT}/Manifest.lock\" > /dev/null\nif [ $? != 0 ] ; then\n    # print error to STDERR\n    echo \"error: The sandbox is not in sync with the Podfile.lock. Run 'pod install' or update your CocoaPods installation.\" >&2\n    exit 1\nfi\n";
			showEnvVarsInLog = 0;
		};
		0D6228B41B66B329FB31FBFC /* [CP] Embed Pods Frameworks */ = {
			isa = PBXShellScriptBuildPhase;
			buildActionMask = 2147483647;
			files = (
			);
			inputPaths = (
			);
			name = "[CP] Embed Pods Frameworks";
			outputPaths = (
			);
			runOnlyForDeploymentPostprocessing = 0;
			shellPath = /bin/sh;
			shellScript = "\"${SRCROOT}/Pods/Target Support Files/Pods-OST TrackerTests/Pods-OST TrackerTests-frameworks.sh\"\n";
			showEnvVarsInLog = 0;
		};
		1809B394149CDF9D2F9497CF /* [CP] Check Pods Manifest.lock */ = {
			isa = PBXShellScriptBuildPhase;
			buildActionMask = 2147483647;
			files = (
			);
			inputPaths = (
			);
			name = "[CP] Check Pods Manifest.lock";
			outputPaths = (
			);
			runOnlyForDeploymentPostprocessing = 0;
			shellPath = /bin/sh;
			shellScript = "diff \"${PODS_PODFILE_DIR_PATH}/Podfile.lock\" \"${PODS_ROOT}/Manifest.lock\" > /dev/null\nif [ $? != 0 ] ; then\n    # print error to STDERR\n    echo \"error: The sandbox is not in sync with the Podfile.lock. Run 'pod install' or update your CocoaPods installation.\" >&2\n    exit 1\nfi\n";
			showEnvVarsInLog = 0;
		};
		2295FA4181504AF3AA0071DF /* [CP] Copy Pods Resources */ = {
			isa = PBXShellScriptBuildPhase;
			buildActionMask = 2147483647;
			files = (
			);
			inputPaths = (
			);
			name = "[CP] Copy Pods Resources";
			outputPaths = (
			);
			runOnlyForDeploymentPostprocessing = 0;
			shellPath = /bin/sh;
			shellScript = "\"${SRCROOT}/Pods/Target Support Files/Pods-OST Tracker/Pods-OST Tracker-resources.sh\"\n";
			showEnvVarsInLog = 0;
		};
		7421FF7EABECE4DE01C9A1CF /* [CP] Embed Pods Frameworks */ = {
			isa = PBXShellScriptBuildPhase;
			buildActionMask = 2147483647;
			files = (
			);
			inputPaths = (
			);
			name = "[CP] Embed Pods Frameworks";
			outputPaths = (
			);
			runOnlyForDeploymentPostprocessing = 0;
			shellPath = /bin/sh;
			shellScript = "\"${SRCROOT}/Pods/Target Support Files/Pods-OST Tracker/Pods-OST Tracker-frameworks.sh\"\n";
			showEnvVarsInLog = 0;
		};
		DC560F3F9F5D26CEFFD58E62 /* [CP] Copy Pods Resources */ = {
			isa = PBXShellScriptBuildPhase;
			buildActionMask = 2147483647;
			files = (
			);
			inputPaths = (
			);
			name = "[CP] Copy Pods Resources";
			outputPaths = (
			);
			runOnlyForDeploymentPostprocessing = 0;
			shellPath = /bin/sh;
			shellScript = "\"${SRCROOT}/Pods/Target Support Files/Pods-OST TrackerTests/Pods-OST TrackerTests-resources.sh\"\n";
			showEnvVarsInLog = 0;
		};
/* End PBXShellScriptBuildPhase section */

/* Begin PBXSourcesBuildPhase section */
		6AEFFC011EEF83DA009EEE21 /* Sources */ = {
			isa = PBXSourcesBuildPhase;
			buildActionMask = 2147483647;
			files = (
				6A549E551EEF881C00783F80 /* OSTEventSelectionViewController.m in Sources */,
				6A549E5A1EEF8A5E00783F80 /* OSTNetworkManager.m in Sources */,
				6A549E4C1EEF866F00783F80 /* OSTDataModel.xcdatamodeld in Sources */,
				6A549E501EEF86B900783F80 /* OSTLoginViewController.m in Sources */,
				6A056B691EEF9608004E0B45 /* OSTNetworkManager+Login.m in Sources */,
				6AEFFC0D1EEF83DA009EEE21 /* AppDelegate.m in Sources */,
				6AEFFC0A1EEF83DA009EEE21 /* main.m in Sources */,
			);
			runOnlyForDeploymentPostprocessing = 0;
		};
		6AEFFC1A1EEF83DA009EEE21 /* Sources */ = {
			isa = PBXSourcesBuildPhase;
			buildActionMask = 2147483647;
			files = (
				6AEFFC231EEF83DA009EEE21 /* OST_TrackerTests.m in Sources */,
			);
			runOnlyForDeploymentPostprocessing = 0;
		};
/* End PBXSourcesBuildPhase section */

/* Begin PBXTargetDependency section */
		6AEFFC201EEF83DA009EEE21 /* PBXTargetDependency */ = {
			isa = PBXTargetDependency;
			target = 6AEFFC041EEF83DA009EEE21 /* OST Tracker */;
			targetProxy = 6AEFFC1F1EEF83DA009EEE21 /* PBXContainerItemProxy */;
		};
/* End PBXTargetDependency section */

/* Begin PBXVariantGroup section */
		6AEFFC161EEF83DA009EEE21 /* LaunchScreen.storyboard */ = {
			isa = PBXVariantGroup;
			children = (
				6AEFFC171EEF83DA009EEE21 /* Base */,
			);
			name = LaunchScreen.storyboard;
			sourceTree = "<group>";
		};
/* End PBXVariantGroup section */

/* Begin XCBuildConfiguration section */
		6AEFFC251EEF83DA009EEE21 /* Debug */ = {
			isa = XCBuildConfiguration;
			buildSettings = {
				ALWAYS_SEARCH_USER_PATHS = NO;
				CLANG_ANALYZER_NONNULL = YES;
				CLANG_ANALYZER_NUMBER_OBJECT_CONVERSION = YES_AGGRESSIVE;
				CLANG_CXX_LANGUAGE_STANDARD = "gnu++0x";
				CLANG_CXX_LIBRARY = "libc++";
				CLANG_ENABLE_MODULES = YES;
				CLANG_ENABLE_OBJC_ARC = YES;
				CLANG_WARN_BOOL_CONVERSION = YES;
				CLANG_WARN_CONSTANT_CONVERSION = YES;
				CLANG_WARN_DIRECT_OBJC_ISA_USAGE = YES_ERROR;
				CLANG_WARN_DOCUMENTATION_COMMENTS = YES;
				CLANG_WARN_EMPTY_BODY = YES;
				CLANG_WARN_ENUM_CONVERSION = YES;
				CLANG_WARN_INFINITE_RECURSION = YES;
				CLANG_WARN_INT_CONVERSION = YES;
				CLANG_WARN_OBJC_ROOT_CLASS = YES_ERROR;
				CLANG_WARN_SUSPICIOUS_MOVE = YES;
				CLANG_WARN_UNREACHABLE_CODE = YES;
				CLANG_WARN__DUPLICATE_METHOD_MATCH = YES;
				"CODE_SIGN_IDENTITY[sdk=iphoneos*]" = "iPhone Developer";
				COPY_PHASE_STRIP = NO;
				DEBUG_INFORMATION_FORMAT = dwarf;
				ENABLE_STRICT_OBJC_MSGSEND = YES;
				ENABLE_TESTABILITY = YES;
				GCC_C_LANGUAGE_STANDARD = gnu99;
				GCC_DYNAMIC_NO_PIC = NO;
				GCC_NO_COMMON_BLOCKS = YES;
				GCC_OPTIMIZATION_LEVEL = 0;
				GCC_PREFIX_HEADER = "OST Tracker/PrefixHeader.pch";
				GCC_PREPROCESSOR_DEFINITIONS = (
					"DEBUG=1",
					"$(inherited)",
				);
				GCC_WARN_64_TO_32_BIT_CONVERSION = YES;
				GCC_WARN_ABOUT_RETURN_TYPE = YES_ERROR;
				GCC_WARN_UNDECLARED_SELECTOR = YES;
				GCC_WARN_UNINITIALIZED_AUTOS = YES_AGGRESSIVE;
				GCC_WARN_UNUSED_FUNCTION = YES;
				GCC_WARN_UNUSED_VARIABLE = YES;
				IPHONEOS_DEPLOYMENT_TARGET = 10.3;
				MTL_ENABLE_DEBUG_INFO = YES;
				ONLY_ACTIVE_ARCH = YES;
				SDKROOT = iphoneos;
				TARGETED_DEVICE_FAMILY = "1,2";
			};
			name = Debug;
		};
		6AEFFC261EEF83DA009EEE21 /* Release */ = {
			isa = XCBuildConfiguration;
			buildSettings = {
				ALWAYS_SEARCH_USER_PATHS = NO;
				CLANG_ANALYZER_NONNULL = YES;
				CLANG_ANALYZER_NUMBER_OBJECT_CONVERSION = YES_AGGRESSIVE;
				CLANG_CXX_LANGUAGE_STANDARD = "gnu++0x";
				CLANG_CXX_LIBRARY = "libc++";
				CLANG_ENABLE_MODULES = YES;
				CLANG_ENABLE_OBJC_ARC = YES;
				CLANG_WARN_BOOL_CONVERSION = YES;
				CLANG_WARN_CONSTANT_CONVERSION = YES;
				CLANG_WARN_DIRECT_OBJC_ISA_USAGE = YES_ERROR;
				CLANG_WARN_DOCUMENTATION_COMMENTS = YES;
				CLANG_WARN_EMPTY_BODY = YES;
				CLANG_WARN_ENUM_CONVERSION = YES;
				CLANG_WARN_INFINITE_RECURSION = YES;
				CLANG_WARN_INT_CONVERSION = YES;
				CLANG_WARN_OBJC_ROOT_CLASS = YES_ERROR;
				CLANG_WARN_SUSPICIOUS_MOVE = YES;
				CLANG_WARN_UNREACHABLE_CODE = YES;
				CLANG_WARN__DUPLICATE_METHOD_MATCH = YES;
				"CODE_SIGN_IDENTITY[sdk=iphoneos*]" = "iPhone Developer";
				COPY_PHASE_STRIP = NO;
				DEBUG_INFORMATION_FORMAT = "dwarf-with-dsym";
				ENABLE_NS_ASSERTIONS = NO;
				ENABLE_STRICT_OBJC_MSGSEND = YES;
				GCC_C_LANGUAGE_STANDARD = gnu99;
				GCC_NO_COMMON_BLOCKS = YES;
				GCC_PREFIX_HEADER = "OST Tracker/PrefixHeader.pch";
				GCC_WARN_64_TO_32_BIT_CONVERSION = YES;
				GCC_WARN_ABOUT_RETURN_TYPE = YES_ERROR;
				GCC_WARN_UNDECLARED_SELECTOR = YES;
				GCC_WARN_UNINITIALIZED_AUTOS = YES_AGGRESSIVE;
				GCC_WARN_UNUSED_FUNCTION = YES;
				GCC_WARN_UNUSED_VARIABLE = YES;
				IPHONEOS_DEPLOYMENT_TARGET = 10.3;
				MTL_ENABLE_DEBUG_INFO = NO;
				SDKROOT = iphoneos;
				TARGETED_DEVICE_FAMILY = "1,2";
				VALIDATE_PRODUCT = YES;
			};
			name = Release;
		};
		6AEFFC281EEF83DA009EEE21 /* Debug */ = {
			isa = XCBuildConfiguration;
			baseConfigurationReference = 054C4C7C5D571C9B25F73CDA /* Pods-OST Tracker.debug.xcconfig */;
			buildSettings = {
				ALWAYS_SEARCH_USER_PATHS = NO;
				ASSETCATALOG_COMPILER_APPICON_NAME = AppIcon;
				FRAMEWORK_SEARCH_PATHS = (
					"$(inherited)",
					"\"$PODS_CONFIGURATION_BUILD_DIR/AFNetworking\"",
					"\"$PODS_CONFIGURATION_BUILD_DIR/FXKeychain\"",
					"\"$PODS_CONFIGURATION_BUILD_DIR/JTObjectMapping\"",
					"\"$PODS_CONFIGURATION_BUILD_DIR/MagicalRecord\"",
					"\"$PODS_CONFIGURATION_BUILD_DIR/NSDate+Helper\"",
					"\"$PODS_CONFIGURATION_BUILD_DIR/OHAlertView\"",
					"\"$PODS_CONFIGURATION_BUILD_DIR/Reachability\"",
					"\"${PODS_ROOT}/Crashlytics/iOS\"",
					"\"${PODS_ROOT}/Fabric/iOS\"",
				);
				GCC_PRECOMPILE_PREFIX_HEADER = NO;
				HEADER_SEARCH_PATHS = (
					"$(inherited)",
					"\"${PODS_ROOT}/Headers/Public\"",
					"\"${PODS_ROOT}/Headers/Public/Crashlytics\"",
					"\"${PODS_ROOT}/Headers/Public/Fabric\"",
				);
				INFOPLIST_FILE = "OST Tracker/Info.plist";
				LD_RUNPATH_SEARCH_PATHS = "$(inherited) @executable_path/Frameworks";
				PRODUCT_BUNDLE_IDENTIFIER = "HA.OST-Tracker";
				PRODUCT_NAME = "$(TARGET_NAME)";
			};
			name = Debug;
		};
		6AEFFC291EEF83DA009EEE21 /* Release */ = {
			isa = XCBuildConfiguration;
			baseConfigurationReference = B865E2170A517AF2561CC3EF /* Pods-OST Tracker.release.xcconfig */;
			buildSettings = {
				ALWAYS_SEARCH_USER_PATHS = NO;
				ASSETCATALOG_COMPILER_APPICON_NAME = AppIcon;
				FRAMEWORK_SEARCH_PATHS = (
					"$(inherited)",
					"\"$PODS_CONFIGURATION_BUILD_DIR/AFNetworking\"",
					"\"$PODS_CONFIGURATION_BUILD_DIR/FXKeychain\"",
					"\"$PODS_CONFIGURATION_BUILD_DIR/JTObjectMapping\"",
					"\"$PODS_CONFIGURATION_BUILD_DIR/MagicalRecord\"",
					"\"$PODS_CONFIGURATION_BUILD_DIR/NSDate+Helper\"",
					"\"$PODS_CONFIGURATION_BUILD_DIR/OHAlertView\"",
					"\"$PODS_CONFIGURATION_BUILD_DIR/Reachability\"",
					"\"${PODS_ROOT}/Crashlytics/iOS\"",
					"\"${PODS_ROOT}/Fabric/iOS\"",
				);
				GCC_PRECOMPILE_PREFIX_HEADER = NO;
				HEADER_SEARCH_PATHS = (
					"$(inherited)",
					"\"${PODS_ROOT}/Headers/Public\"",
					"\"${PODS_ROOT}/Headers/Public/Crashlytics\"",
					"\"${PODS_ROOT}/Headers/Public/Fabric\"",
				);
				INFOPLIST_FILE = "OST Tracker/Info.plist";
				LD_RUNPATH_SEARCH_PATHS = "$(inherited) @executable_path/Frameworks";
				PRODUCT_BUNDLE_IDENTIFIER = "HA.OST-Tracker";
				PRODUCT_NAME = "$(TARGET_NAME)";
			};
			name = Release;
		};
		6AEFFC2B1EEF83DA009EEE21 /* Debug */ = {
			isa = XCBuildConfiguration;
			baseConfigurationReference = 427692031F92F5E88F95FFF3 /* Pods-OST TrackerTests.debug.xcconfig */;
			buildSettings = {
				BUNDLE_LOADER = "$(TEST_HOST)";
				INFOPLIST_FILE = "OST TrackerTests/Info.plist";
				LD_RUNPATH_SEARCH_PATHS = "$(inherited) @executable_path/Frameworks @loader_path/Frameworks";
				PRODUCT_BUNDLE_IDENTIFIER = "HA.OST-TrackerTests";
				PRODUCT_NAME = "$(TARGET_NAME)";
				TEST_HOST = "$(BUILT_PRODUCTS_DIR)/OST Tracker.app/OST Tracker";
			};
			name = Debug;
		};
		6AEFFC2C1EEF83DA009EEE21 /* Release */ = {
			isa = XCBuildConfiguration;
			baseConfigurationReference = AB77EAFA7F49A4F7CE36D115 /* Pods-OST TrackerTests.release.xcconfig */;
			buildSettings = {
				BUNDLE_LOADER = "$(TEST_HOST)";
				INFOPLIST_FILE = "OST TrackerTests/Info.plist";
				LD_RUNPATH_SEARCH_PATHS = "$(inherited) @executable_path/Frameworks @loader_path/Frameworks";
				PRODUCT_BUNDLE_IDENTIFIER = "HA.OST-TrackerTests";
				PRODUCT_NAME = "$(TARGET_NAME)";
				TEST_HOST = "$(BUILT_PRODUCTS_DIR)/OST Tracker.app/OST Tracker";
			};
			name = Release;
		};
/* End XCBuildConfiguration section */

/* Begin XCConfigurationList section */
		6AEFFC001EEF83DA009EEE21 /* Build configuration list for PBXProject "OST Tracker" */ = {
			isa = XCConfigurationList;
			buildConfigurations = (
				6AEFFC251EEF83DA009EEE21 /* Debug */,
				6AEFFC261EEF83DA009EEE21 /* Release */,
			);
			defaultConfigurationIsVisible = 0;
			defaultConfigurationName = Release;
		};
		6AEFFC271EEF83DA009EEE21 /* Build configuration list for PBXNativeTarget "OST Tracker" */ = {
			isa = XCConfigurationList;
			buildConfigurations = (
				6AEFFC281EEF83DA009EEE21 /* Debug */,
				6AEFFC291EEF83DA009EEE21 /* Release */,
			);
			defaultConfigurationIsVisible = 0;
			defaultConfigurationName = Release;
		};
		6AEFFC2A1EEF83DA009EEE21 /* Build configuration list for PBXNativeTarget "OST TrackerTests" */ = {
			isa = XCConfigurationList;
			buildConfigurations = (
				6AEFFC2B1EEF83DA009EEE21 /* Debug */,
				6AEFFC2C1EEF83DA009EEE21 /* Release */,
			);
			defaultConfigurationIsVisible = 0;
			defaultConfigurationName = Release;
		};
/* End XCConfigurationList section */

/* Begin XCVersionGroup section */
		6A549E4A1EEF866F00783F80 /* OSTDataModel.xcdatamodeld */ = {
			isa = XCVersionGroup;
			children = (
				6A549E4B1EEF866F00783F80 /* OSTDataModel.xcdatamodel */,
			);
			currentVersion = 6A549E4B1EEF866F00783F80 /* OSTDataModel.xcdatamodel */;
			path = OSTDataModel.xcdatamodeld;
			sourceTree = "<group>";
			versionGroupType = wrapper.xcdatamodel;
		};
/* End XCVersionGroup section */
	};
	rootObject = 6AEFFBFD1EEF83DA009EEE21 /* Project object */;
}
